
Microsoft Visual Studio Solution File, Format Version 12.00
# Visual Studio Version 17
VisualStudioVersion = 17.4.33205.214
MinimumVisualStudioVersion = 10.0.40219.1
Project("{9A19103F-16F7-4668-BE54-9A1E7A4F7556}") = "주문Server", "OrderServer\주문Server.csproj", "{15F1BC27-7386-43C9-A9FE-C67FE1DB50DD}"
EndProject
Project("{9A19103F-16F7-4668-BE54-9A1E7A4F7556}") = "주문Common", "OrderCommon\주문Common.csproj", "{07DAB172-3F53-4862-A9B2-8A13DF84CC2F}"
EndProject
Project("{9A19103F-16F7-4668-BE54-9A1E7A4F7556}") = "계정Common", "IdentityCommon\계정Common.csproj", "{F40CE390-C9D3-4636-8781-2764F82E98A9}"
EndProject
Project("{9A19103F-16F7-4668-BE54-9A1E7A4F7556}") = "IdentityServerSample", "IdentityServerSample\IdentityServerSample.csproj", "{4CF0D87F-B6A6-44B0-A8A2-EB7C956C9F47}"
EndProject
Project("{9A19103F-16F7-4668-BE54-9A1E7A4F7556}") = "수협Common", "KoreaCommon\수협Common.csproj", "{995E7327-FBD9-48B3-9F8D-C6FBCD0CC7E3}"
EndProject
Project("{9A19103F-16F7-4668-BE54-9A1E7A4F7556}") = "Common", "Common\Common.csproj", "{6B8F43A9-9772-490D-A7BD-483D0DF6D05F}"
EndProject
Project("{2150E333-8FDC-42A3-9474-1A3956D46DE8}") = "Server", "Server", "{D7AD4DD9-FB68-47B1-A65E-164D9661A3D1}"
EndProject
Project("{2150E333-8FDC-42A3-9474-1A3956D46DE8}") = "CommonProject", "CommonProject", "{48574ED2-6671-4B8C-AA90-3DA5FF968DA1}"
EndProject
Project("{2150E333-8FDC-42A3-9474-1A3956D46DE8}") = "FrontApp", "FrontApp", "{B1BFAF3C-0C0F-4E4F-A7B8-BCC5790FD7C6}"
EndProject
Project("{2150E333-8FDC-42A3-9474-1A3956D46DE8}") = "TestApp", "TestApp", "{CC04B5DD-9CB4-4A0D-86E5-FA295AFB1944}"
EndProject
Project("{9A19103F-16F7-4668-BE54-9A1E7A4F7556}") = "TestApplication", "TestApplication\TestApplication.csproj", "{28D334EC-B04B-4DC2-B812-E011FB45E76E}"
EndProject
Project("{9A19103F-16F7-4668-BE54-9A1E7A4F7556}") = "창고Server", "WarehouseServer\창고Server.csproj", "{20DBFC10-10BF-4C1D-AA54-5C5BA3C175E5}"
EndProject
Project("{9A19103F-16F7-4668-BE54-9A1E7A4F7556}") = "창고Common", "WarehouseCommon\창고Common.csproj", "{DA8B76DA-91A7-4F51-85B9-941511CDD69F}"
EndProject
Project("{2150E333-8FDC-42A3-9474-1A3956D46DE8}") = "APIGateWay", "APIGateWay", "{632A0FB2-61F1-4FF7-8986-0FA30144AC87}"
EndProject
Project("{2150E333-8FDC-42A3-9474-1A3956D46DE8}") = "CommonBack", "CommonBack", "{D5B9421C-4B72-4EB8-989D-73CF4EACA4B0}"
EndProject
Project("{9A19103F-16F7-4668-BE54-9A1E7A4F7556}") = "NaverCommon", "NaverCommon\NaverCommon.csproj", "{86803290-E402-47F0-B218-C1EFA69EAA7B}"
EndProject
Project("{2150E333-8FDC-42A3-9474-1A3956D46DE8}") = "Query", "Query", "{B72202BC-9F6A-4066-954C-FC26719321B4}"
EndProject
Project("{9A19103F-16F7-4668-BE54-9A1E7A4F7556}") = "주문QueryServer", "주문QueryServer\주문QueryServer.csproj", "{C18CE5F5-811D-43D8-97A3-6ED3C248BDE1}"
EndProject
Project("{9A19103F-16F7-4668-BE54-9A1E7A4F7556}") = "창고QueryServer", "창고QueryServer\창고QueryServer.csproj", "{AF5C89AA-C435-4155-8083-49ABB77F9538}"
EndProject
Project("{9A19103F-16F7-4668-BE54-9A1E7A4F7556}") = "주문자APIGateWay", "주문자APIGateWay\주문자APIGateWay.csproj", "{136B7B28-2063-4C1B-A065-BD495133A3C0}"
EndProject
Project("{9A19103F-16F7-4668-BE54-9A1E7A4F7556}") = "판매자APIGateWay", "판매자APIGateWay\판매자APIGateWay.csproj", "{515E3641-B812-4CCD-804E-F4D803964788}"
EndProject
Project("{9A19103F-16F7-4668-BE54-9A1E7A4F7556}") = "창고관리자APIGateWay", "창고관리자APIGateWay\창고관리자APIGateWay.csproj", "{AE1DD507-3E7E-4220-9BB4-703D7798BBFC}"
EndProject
Project("{9A19103F-16F7-4668-BE54-9A1E7A4F7556}") = "판매Common", "판매Common\판매Common.csproj", "{BBED3765-513C-4D0B-9812-6AC0E970DB3F}"
EndProject
Project("{9A19103F-16F7-4668-BE54-9A1E7A4F7556}") = "판매QueryServer", "판매QueryServer\판매QueryServer.csproj", "{03F725F6-A15C-43BA-8492-B5AA89B97B2E}"
EndProject
Project("{9A19103F-16F7-4668-BE54-9A1E7A4F7556}") = "판매Server", "판매Server\판매Server.csproj", "{99F0B8CA-21AC-4369-857B-58F063603E6E}"
EndProject
Project("{2150E333-8FDC-42A3-9474-1A3956D46DE8}") = "Mobile", "Mobile", "{20E37C5F-CCB0-4BA1-A762-91933EBD5DDB}"
EndProject
Project("{9A19103F-16F7-4668-BE54-9A1E7A4F7556}") = "ModuleTest", "ModuleTest\ModuleTest.csproj", "{76C0D1AF-4754-46BB-AAB9-A7E2D9F134D0}"
EndProject
Project("{9A19103F-16F7-4668-BE54-9A1E7A4F7556}") = "배송QueryServer", "배송QueryServer\배송QueryServer.csproj", "{AC88CD37-448B-4D8D-9C99-26280D77B170}"
EndProject
Project("{9A19103F-16F7-4668-BE54-9A1E7A4F7556}") = "중개QueryServer", "중개QueryServer\중개QueryServer.csproj", "{3CC402A9-FF6C-4780-90FE-B544442D8348}"
EndProject
Project("{9A19103F-16F7-4668-BE54-9A1E7A4F7556}") = "중개Server", "중개Server\중개Server.csproj", "{809D0447-CAD0-485C-A1BA-F8974C7AE6F6}"
EndProject
Project("{9A19103F-16F7-4668-BE54-9A1E7A4F7556}") = "배송Server", "배송Server\배송Server.csproj", "{CC44674F-5032-48DA-A025-97BE243BE00A}"
EndProject
Project("{9A19103F-16F7-4668-BE54-9A1E7A4F7556}") = "배송관리자APIGateWay", "배송관리자APIGateWay\배송관리자APIGateWay.csproj", "{A2E25AB7-538D-4066-BD27-3981522297B4}"
EndProject
Project("{9A19103F-16F7-4668-BE54-9A1E7A4F7556}") = "중개관리자APIGateWay", "중개관리자APIGateWay\중개관리자APIGateWay.csproj", "{D8D1BE79-7505-4EFE-BEA8-D9A6F940A8B0}"
EndProject
Project("{2150E333-8FDC-42A3-9474-1A3956D46DE8}") = "주문자", "주문자", "{9CE682FD-C98B-4EE3-BFCC-DD337420A310}"
EndProject
Project("{2150E333-8FDC-42A3-9474-1A3956D46DE8}") = "판매자", "판매자", "{8997FFFD-912D-4590-B079-DB040A338664}"
EndProject
Project("{9A19103F-16F7-4668-BE54-9A1E7A4F7556}") = "판매자App", "판매자App\판매자App\판매자App.csproj", "{E825C903-1EA3-4295-B6FB-2AE56ECF85DB}"
EndProject
Project("{9A19103F-16F7-4668-BE54-9A1E7A4F7556}") = "판매자App.Android", "판매자App\판매자App.Android\판매자App.Android.csproj", "{051A46A0-4D74-4988-AEEB-1E566E695A03}"
EndProject
Project("{9A19103F-16F7-4668-BE54-9A1E7A4F7556}") = "판매자App.Desktop", "판매자App\판매자App.Desktop\판매자App.Desktop.csproj", "{F4911B41-4BFA-4F84-9886-8C8679CCB80D}"
EndProject
Project("{9A19103F-16F7-4668-BE54-9A1E7A4F7556}") = "판매자App.iOS", "판매자App\판매자App.iOS\판매자App.iOS.csproj", "{F4736B8C-131B-4299-8026-4B6F465B95BC}"
EndProject
Project("{9A19103F-16F7-4668-BE54-9A1E7A4F7556}") = "판매자App.Browser", "판매자App\판매자App.Browser\판매자App.Browser.csproj", "{701AFB52-E6B6-4AF4-B3FB-43B6C3BD0BC5}"
EndProject
Project("{9A19103F-16F7-4668-BE54-9A1E7A4F7556}") = "주문자App", "주문자App\주문자App\주문자App.csproj", "{6133B5EA-82A6-4486-8929-20554FAB2CBB}"
EndProject
Project("{9A19103F-16F7-4668-BE54-9A1E7A4F7556}") = "주문자App.Android", "주문자App\주문자App.Android\주문자App.Android.csproj", "{86A762A3-18ED-4CC3-89C9-8E8FEB3E25BA}"
EndProject
Project("{9A19103F-16F7-4668-BE54-9A1E7A4F7556}") = "주문자App.Desktop", "주문자App\주문자App.Desktop\주문자App.Desktop.csproj", "{435E401A-C2C5-49C3-BB20-F6248A4FBA1B}"
EndProject
Project("{9A19103F-16F7-4668-BE54-9A1E7A4F7556}") = "주문자App.iOS", "주문자App\주문자App.iOS\주문자App.iOS.csproj", "{1B22473E-C0A5-4800-892C-2DEE695D9E7B}"
EndProject
Project("{9A19103F-16F7-4668-BE54-9A1E7A4F7556}") = "주문자App.Browser", "주문자App\주문자App.Browser\주문자App.Browser.csproj", "{42E9F652-A4B1-4C7B-9D48-0EDA548C449C}"
EndProject
Project("{2150E333-8FDC-42A3-9474-1A3956D46DE8}") = "창고관리자", "창고관리자", "{70E7F207-11C8-47D7-AB9F-C95EB33A61FB}"
EndProject
Project("{9A19103F-16F7-4668-BE54-9A1E7A4F7556}") = "창고관리자App", "창고관리자App\창고관리자App\창고관리자App.csproj", "{E8E67120-72F0-4FEA-99C1-8AE65BBA052E}"
EndProject
Project("{9A19103F-16F7-4668-BE54-9A1E7A4F7556}") = "창고관리자App.Android", "창고관리자App\창고관리자App.Android\창고관리자App.Android.csproj", "{4B0125B5-57C5-4A0F-926A-FAB1F34B151E}"
EndProject
Project("{9A19103F-16F7-4668-BE54-9A1E7A4F7556}") = "창고관리자App.Desktop", "창고관리자App\창고관리자App.Desktop\창고관리자App.Desktop.csproj", "{FF8583D0-C87F-4FFE-A391-A801F0E3D500}"
EndProject
Project("{9A19103F-16F7-4668-BE54-9A1E7A4F7556}") = "창고관리자App.iOS", "창고관리자App\창고관리자App.iOS\창고관리자App.iOS.csproj", "{01335DB4-6F63-4FDA-8A78-06EBF91E3CD3}"
EndProject
Project("{9A19103F-16F7-4668-BE54-9A1E7A4F7556}") = "창고관리자App.Browser", "창고관리자App\창고관리자App.Browser\창고관리자App.Browser.csproj", "{BA033657-6018-498C-A46B-F5565A648D6A}"
EndProject
Project("{2150E333-8FDC-42A3-9474-1A3956D46DE8}") = "배송관리자", "배송관리자", "{2BFBF5E7-FC8D-4343-9C51-2F9F06F73346}"
EndProject
Project("{9A19103F-16F7-4668-BE54-9A1E7A4F7556}") = "배송관리자App", "배송관리자App\배송관리자App\배송관리자App.csproj", "{2F0C5188-ABC4-4B6B-9F5D-29DC647C61B9}"
EndProject
Project("{9A19103F-16F7-4668-BE54-9A1E7A4F7556}") = "배송관리자App.Android", "배송관리자App\배송관리자App.Android\배송관리자App.Android.csproj", "{CA21F3DE-BFF1-4038-B1BF-099879531D5A}"
EndProject
Project("{9A19103F-16F7-4668-BE54-9A1E7A4F7556}") = "배송관리자App.Desktop", "배송관리자App\배송관리자App.Desktop\배송관리자App.Desktop.csproj", "{6AD6FA90-A5D1-4BE6-BC2F-3A08D0962F15}"
EndProject
Project("{9A19103F-16F7-4668-BE54-9A1E7A4F7556}") = "배송관리자App.iOS", "배송관리자App\배송관리자App.iOS\배송관리자App.iOS.csproj", "{5ABA3CD0-1D99-432C-82A7-322BE0F64713}"
EndProject
Project("{9A19103F-16F7-4668-BE54-9A1E7A4F7556}") = "배송관리자App.Browser", "배송관리자App\배송관리자App.Browser\배송관리자App.Browser.csproj", "{84FA9822-969E-4A62-BD1D-3F6A9D4294E1}"
EndProject
Project("{2150E333-8FDC-42A3-9474-1A3956D46DE8}") = "중개자", "중개자", "{46ADB039-1AF1-4ED1-A0C3-1184402A6435}"
EndProject
Project("{9A19103F-16F7-4668-BE54-9A1E7A4F7556}") = "중개관리자App", "중개관리자App\중개관리자App\중개관리자App.csproj", "{0639EAC8-C1B8-4313-8A05-3433CF702C18}"
EndProject
Project("{9A19103F-16F7-4668-BE54-9A1E7A4F7556}") = "중개관리자App.Android", "중개관리자App\중개관리자App.Android\중개관리자App.Android.csproj", "{697A3BAF-421C-4216-B9C5-8002FEF35E61}"
EndProject
Project("{9A19103F-16F7-4668-BE54-9A1E7A4F7556}") = "중개관리자App.Desktop", "중개관리자App\중개관리자App.Desktop\중개관리자App.Desktop.csproj", "{22EF4F43-306A-4A92-A68C-38040EED0FF1}"
EndProject
Project("{9A19103F-16F7-4668-BE54-9A1E7A4F7556}") = "중개관리자App.iOS", "중개관리자App\중개관리자App.iOS\중개관리자App.iOS.csproj", "{586FEBD5-6F79-4268-BEA8-A5B059CE8D00}"
EndProject
Project("{9A19103F-16F7-4668-BE54-9A1E7A4F7556}") = "중개관리자App.Browser", "중개관리자App\중개관리자App.Browser\중개관리자App.Browser.csproj", "{0E02BCD4-747D-4CA8-A3D3-2392DF89E4AF}"
EndProject
Project("{FAE04EC0-301F-11D3-BF4B-00C04F79EFBC}") = "ToDoList", "ToDoList\ToDoList.csproj", "{5FDFB1F8-A958-457C-933B-DB545A35DE8D}"
EndProject
Global
	GlobalSection(SolutionConfigurationPlatforms) = preSolution
		Debug|Any CPU = Debug|Any CPU
		Debug|iPhone = Debug|iPhone
		Debug|iPhoneSimulator = Debug|iPhoneSimulator
		Release|Any CPU = Release|Any CPU
		Release|iPhone = Release|iPhone
		Release|iPhoneSimulator = Release|iPhoneSimulator
	EndGlobalSection
	GlobalSection(ProjectConfigurationPlatforms) = postSolution
		{15F1BC27-7386-43C9-A9FE-C67FE1DB50DD}.Debug|Any CPU.ActiveCfg = Debug|Any CPU
		{15F1BC27-7386-43C9-A9FE-C67FE1DB50DD}.Debug|Any CPU.Build.0 = Debug|Any CPU
		{15F1BC27-7386-43C9-A9FE-C67FE1DB50DD}.Debug|iPhone.ActiveCfg = Debug|Any CPU
		{15F1BC27-7386-43C9-A9FE-C67FE1DB50DD}.Debug|iPhone.Build.0 = Debug|Any CPU
		{15F1BC27-7386-43C9-A9FE-C67FE1DB50DD}.Debug|iPhoneSimulator.ActiveCfg = Debug|Any CPU
		{15F1BC27-7386-43C9-A9FE-C67FE1DB50DD}.Debug|iPhoneSimulator.Build.0 = Debug|Any CPU
		{15F1BC27-7386-43C9-A9FE-C67FE1DB50DD}.Release|Any CPU.ActiveCfg = Release|Any CPU
		{15F1BC27-7386-43C9-A9FE-C67FE1DB50DD}.Release|Any CPU.Build.0 = Release|Any CPU
		{15F1BC27-7386-43C9-A9FE-C67FE1DB50DD}.Release|iPhone.ActiveCfg = Release|Any CPU
		{15F1BC27-7386-43C9-A9FE-C67FE1DB50DD}.Release|iPhone.Build.0 = Release|Any CPU
		{15F1BC27-7386-43C9-A9FE-C67FE1DB50DD}.Release|iPhoneSimulator.ActiveCfg = Release|Any CPU
		{15F1BC27-7386-43C9-A9FE-C67FE1DB50DD}.Release|iPhoneSimulator.Build.0 = Release|Any CPU
		{07DAB172-3F53-4862-A9B2-8A13DF84CC2F}.Debug|Any CPU.ActiveCfg = Debug|Any CPU
		{07DAB172-3F53-4862-A9B2-8A13DF84CC2F}.Debug|Any CPU.Build.0 = Debug|Any CPU
		{07DAB172-3F53-4862-A9B2-8A13DF84CC2F}.Debug|iPhone.ActiveCfg = Debug|Any CPU
		{07DAB172-3F53-4862-A9B2-8A13DF84CC2F}.Debug|iPhone.Build.0 = Debug|Any CPU
		{07DAB172-3F53-4862-A9B2-8A13DF84CC2F}.Debug|iPhoneSimulator.ActiveCfg = Debug|Any CPU
		{07DAB172-3F53-4862-A9B2-8A13DF84CC2F}.Debug|iPhoneSimulator.Build.0 = Debug|Any CPU
		{07DAB172-3F53-4862-A9B2-8A13DF84CC2F}.Release|Any CPU.ActiveCfg = Release|Any CPU
		{07DAB172-3F53-4862-A9B2-8A13DF84CC2F}.Release|Any CPU.Build.0 = Release|Any CPU
		{07DAB172-3F53-4862-A9B2-8A13DF84CC2F}.Release|iPhone.ActiveCfg = Release|Any CPU
		{07DAB172-3F53-4862-A9B2-8A13DF84CC2F}.Release|iPhone.Build.0 = Release|Any CPU
		{07DAB172-3F53-4862-A9B2-8A13DF84CC2F}.Release|iPhoneSimulator.ActiveCfg = Release|Any CPU
		{07DAB172-3F53-4862-A9B2-8A13DF84CC2F}.Release|iPhoneSimulator.Build.0 = Release|Any CPU
		{F40CE390-C9D3-4636-8781-2764F82E98A9}.Debug|Any CPU.ActiveCfg = Debug|Any CPU
		{F40CE390-C9D3-4636-8781-2764F82E98A9}.Debug|Any CPU.Build.0 = Debug|Any CPU
		{F40CE390-C9D3-4636-8781-2764F82E98A9}.Debug|iPhone.ActiveCfg = Debug|Any CPU
		{F40CE390-C9D3-4636-8781-2764F82E98A9}.Debug|iPhone.Build.0 = Debug|Any CPU
		{F40CE390-C9D3-4636-8781-2764F82E98A9}.Debug|iPhoneSimulator.ActiveCfg = Debug|Any CPU
		{F40CE390-C9D3-4636-8781-2764F82E98A9}.Debug|iPhoneSimulator.Build.0 = Debug|Any CPU
		{F40CE390-C9D3-4636-8781-2764F82E98A9}.Release|Any CPU.ActiveCfg = Release|Any CPU
		{F40CE390-C9D3-4636-8781-2764F82E98A9}.Release|Any CPU.Build.0 = Release|Any CPU
		{F40CE390-C9D3-4636-8781-2764F82E98A9}.Release|iPhone.ActiveCfg = Release|Any CPU
		{F40CE390-C9D3-4636-8781-2764F82E98A9}.Release|iPhone.Build.0 = Release|Any CPU
		{F40CE390-C9D3-4636-8781-2764F82E98A9}.Release|iPhoneSimulator.ActiveCfg = Release|Any CPU
		{F40CE390-C9D3-4636-8781-2764F82E98A9}.Release|iPhoneSimulator.Build.0 = Release|Any CPU
		{4CF0D87F-B6A6-44B0-A8A2-EB7C956C9F47}.Debug|Any CPU.ActiveCfg = Debug|Any CPU
		{4CF0D87F-B6A6-44B0-A8A2-EB7C956C9F47}.Debug|Any CPU.Build.0 = Debug|Any CPU
		{4CF0D87F-B6A6-44B0-A8A2-EB7C956C9F47}.Debug|iPhone.ActiveCfg = Debug|Any CPU
		{4CF0D87F-B6A6-44B0-A8A2-EB7C956C9F47}.Debug|iPhone.Build.0 = Debug|Any CPU
		{4CF0D87F-B6A6-44B0-A8A2-EB7C956C9F47}.Debug|iPhoneSimulator.ActiveCfg = Debug|Any CPU
		{4CF0D87F-B6A6-44B0-A8A2-EB7C956C9F47}.Debug|iPhoneSimulator.Build.0 = Debug|Any CPU
		{4CF0D87F-B6A6-44B0-A8A2-EB7C956C9F47}.Release|Any CPU.ActiveCfg = Release|Any CPU
		{4CF0D87F-B6A6-44B0-A8A2-EB7C956C9F47}.Release|Any CPU.Build.0 = Release|Any CPU
		{4CF0D87F-B6A6-44B0-A8A2-EB7C956C9F47}.Release|iPhone.ActiveCfg = Release|Any CPU
		{4CF0D87F-B6A6-44B0-A8A2-EB7C956C9F47}.Release|iPhone.Build.0 = Release|Any CPU
		{4CF0D87F-B6A6-44B0-A8A2-EB7C956C9F47}.Release|iPhoneSimulator.ActiveCfg = Release|Any CPU
		{4CF0D87F-B6A6-44B0-A8A2-EB7C956C9F47}.Release|iPhoneSimulator.Build.0 = Release|Any CPU
		{995E7327-FBD9-48B3-9F8D-C6FBCD0CC7E3}.Debug|Any CPU.ActiveCfg = Debug|Any CPU
		{995E7327-FBD9-48B3-9F8D-C6FBCD0CC7E3}.Debug|Any CPU.Build.0 = Debug|Any CPU
		{995E7327-FBD9-48B3-9F8D-C6FBCD0CC7E3}.Debug|iPhone.ActiveCfg = Debug|Any CPU
		{995E7327-FBD9-48B3-9F8D-C6FBCD0CC7E3}.Debug|iPhone.Build.0 = Debug|Any CPU
		{995E7327-FBD9-48B3-9F8D-C6FBCD0CC7E3}.Debug|iPhoneSimulator.ActiveCfg = Debug|Any CPU
		{995E7327-FBD9-48B3-9F8D-C6FBCD0CC7E3}.Debug|iPhoneSimulator.Build.0 = Debug|Any CPU
		{995E7327-FBD9-48B3-9F8D-C6FBCD0CC7E3}.Release|Any CPU.ActiveCfg = Release|Any CPU
		{995E7327-FBD9-48B3-9F8D-C6FBCD0CC7E3}.Release|Any CPU.Build.0 = Release|Any CPU
		{995E7327-FBD9-48B3-9F8D-C6FBCD0CC7E3}.Release|iPhone.ActiveCfg = Release|Any CPU
		{995E7327-FBD9-48B3-9F8D-C6FBCD0CC7E3}.Release|iPhone.Build.0 = Release|Any CPU
		{995E7327-FBD9-48B3-9F8D-C6FBCD0CC7E3}.Release|iPhoneSimulator.ActiveCfg = Release|Any CPU
		{995E7327-FBD9-48B3-9F8D-C6FBCD0CC7E3}.Release|iPhoneSimulator.Build.0 = Release|Any CPU
		{6B8F43A9-9772-490D-A7BD-483D0DF6D05F}.Debug|Any CPU.ActiveCfg = Debug|Any CPU
		{6B8F43A9-9772-490D-A7BD-483D0DF6D05F}.Debug|Any CPU.Build.0 = Debug|Any CPU
		{6B8F43A9-9772-490D-A7BD-483D0DF6D05F}.Debug|iPhone.ActiveCfg = Debug|Any CPU
		{6B8F43A9-9772-490D-A7BD-483D0DF6D05F}.Debug|iPhone.Build.0 = Debug|Any CPU
		{6B8F43A9-9772-490D-A7BD-483D0DF6D05F}.Debug|iPhoneSimulator.ActiveCfg = Debug|Any CPU
		{6B8F43A9-9772-490D-A7BD-483D0DF6D05F}.Debug|iPhoneSimulator.Build.0 = Debug|Any CPU
		{6B8F43A9-9772-490D-A7BD-483D0DF6D05F}.Release|Any CPU.ActiveCfg = Release|Any CPU
		{6B8F43A9-9772-490D-A7BD-483D0DF6D05F}.Release|Any CPU.Build.0 = Release|Any CPU
		{6B8F43A9-9772-490D-A7BD-483D0DF6D05F}.Release|iPhone.ActiveCfg = Release|Any CPU
		{6B8F43A9-9772-490D-A7BD-483D0DF6D05F}.Release|iPhone.Build.0 = Release|Any CPU
		{6B8F43A9-9772-490D-A7BD-483D0DF6D05F}.Release|iPhoneSimulator.ActiveCfg = Release|Any CPU
		{6B8F43A9-9772-490D-A7BD-483D0DF6D05F}.Release|iPhoneSimulator.Build.0 = Release|Any CPU
		{28D334EC-B04B-4DC2-B812-E011FB45E76E}.Debug|Any CPU.ActiveCfg = Debug|Any CPU
		{28D334EC-B04B-4DC2-B812-E011FB45E76E}.Debug|Any CPU.Build.0 = Debug|Any CPU
		{28D334EC-B04B-4DC2-B812-E011FB45E76E}.Debug|iPhone.ActiveCfg = Debug|Any CPU
		{28D334EC-B04B-4DC2-B812-E011FB45E76E}.Debug|iPhone.Build.0 = Debug|Any CPU
		{28D334EC-B04B-4DC2-B812-E011FB45E76E}.Debug|iPhoneSimulator.ActiveCfg = Debug|Any CPU
		{28D334EC-B04B-4DC2-B812-E011FB45E76E}.Debug|iPhoneSimulator.Build.0 = Debug|Any CPU
		{28D334EC-B04B-4DC2-B812-E011FB45E76E}.Release|Any CPU.ActiveCfg = Release|Any CPU
		{28D334EC-B04B-4DC2-B812-E011FB45E76E}.Release|Any CPU.Build.0 = Release|Any CPU
		{28D334EC-B04B-4DC2-B812-E011FB45E76E}.Release|iPhone.ActiveCfg = Release|Any CPU
		{28D334EC-B04B-4DC2-B812-E011FB45E76E}.Release|iPhone.Build.0 = Release|Any CPU
		{28D334EC-B04B-4DC2-B812-E011FB45E76E}.Release|iPhoneSimulator.ActiveCfg = Release|Any CPU
		{28D334EC-B04B-4DC2-B812-E011FB45E76E}.Release|iPhoneSimulator.Build.0 = Release|Any CPU
		{20DBFC10-10BF-4C1D-AA54-5C5BA3C175E5}.Debug|Any CPU.ActiveCfg = Debug|Any CPU
		{20DBFC10-10BF-4C1D-AA54-5C5BA3C175E5}.Debug|Any CPU.Build.0 = Debug|Any CPU
		{20DBFC10-10BF-4C1D-AA54-5C5BA3C175E5}.Debug|iPhone.ActiveCfg = Debug|Any CPU
		{20DBFC10-10BF-4C1D-AA54-5C5BA3C175E5}.Debug|iPhone.Build.0 = Debug|Any CPU
		{20DBFC10-10BF-4C1D-AA54-5C5BA3C175E5}.Debug|iPhoneSimulator.ActiveCfg = Debug|Any CPU
		{20DBFC10-10BF-4C1D-AA54-5C5BA3C175E5}.Debug|iPhoneSimulator.Build.0 = Debug|Any CPU
		{20DBFC10-10BF-4C1D-AA54-5C5BA3C175E5}.Release|Any CPU.ActiveCfg = Release|Any CPU
		{20DBFC10-10BF-4C1D-AA54-5C5BA3C175E5}.Release|Any CPU.Build.0 = Release|Any CPU
		{20DBFC10-10BF-4C1D-AA54-5C5BA3C175E5}.Release|iPhone.ActiveCfg = Release|Any CPU
		{20DBFC10-10BF-4C1D-AA54-5C5BA3C175E5}.Release|iPhone.Build.0 = Release|Any CPU
		{20DBFC10-10BF-4C1D-AA54-5C5BA3C175E5}.Release|iPhoneSimulator.ActiveCfg = Release|Any CPU
		{20DBFC10-10BF-4C1D-AA54-5C5BA3C175E5}.Release|iPhoneSimulator.Build.0 = Release|Any CPU
		{DA8B76DA-91A7-4F51-85B9-941511CDD69F}.Debug|Any CPU.ActiveCfg = Debug|Any CPU
		{DA8B76DA-91A7-4F51-85B9-941511CDD69F}.Debug|Any CPU.Build.0 = Debug|Any CPU
		{DA8B76DA-91A7-4F51-85B9-941511CDD69F}.Debug|iPhone.ActiveCfg = Debug|Any CPU
		{DA8B76DA-91A7-4F51-85B9-941511CDD69F}.Debug|iPhone.Build.0 = Debug|Any CPU
		{DA8B76DA-91A7-4F51-85B9-941511CDD69F}.Debug|iPhoneSimulator.ActiveCfg = Debug|Any CPU
		{DA8B76DA-91A7-4F51-85B9-941511CDD69F}.Debug|iPhoneSimulator.Build.0 = Debug|Any CPU
		{DA8B76DA-91A7-4F51-85B9-941511CDD69F}.Release|Any CPU.ActiveCfg = Release|Any CPU
		{DA8B76DA-91A7-4F51-85B9-941511CDD69F}.Release|Any CPU.Build.0 = Release|Any CPU
		{DA8B76DA-91A7-4F51-85B9-941511CDD69F}.Release|iPhone.ActiveCfg = Release|Any CPU
		{DA8B76DA-91A7-4F51-85B9-941511CDD69F}.Release|iPhone.Build.0 = Release|Any CPU
		{DA8B76DA-91A7-4F51-85B9-941511CDD69F}.Release|iPhoneSimulator.ActiveCfg = Release|Any CPU
		{DA8B76DA-91A7-4F51-85B9-941511CDD69F}.Release|iPhoneSimulator.Build.0 = Release|Any CPU
		{86803290-E402-47F0-B218-C1EFA69EAA7B}.Debug|Any CPU.ActiveCfg = Debug|Any CPU
		{86803290-E402-47F0-B218-C1EFA69EAA7B}.Debug|Any CPU.Build.0 = Debug|Any CPU
		{86803290-E402-47F0-B218-C1EFA69EAA7B}.Debug|iPhone.ActiveCfg = Debug|Any CPU
		{86803290-E402-47F0-B218-C1EFA69EAA7B}.Debug|iPhone.Build.0 = Debug|Any CPU
		{86803290-E402-47F0-B218-C1EFA69EAA7B}.Debug|iPhoneSimulator.ActiveCfg = Debug|Any CPU
		{86803290-E402-47F0-B218-C1EFA69EAA7B}.Debug|iPhoneSimulator.Build.0 = Debug|Any CPU
		{86803290-E402-47F0-B218-C1EFA69EAA7B}.Release|Any CPU.ActiveCfg = Release|Any CPU
		{86803290-E402-47F0-B218-C1EFA69EAA7B}.Release|Any CPU.Build.0 = Release|Any CPU
		{86803290-E402-47F0-B218-C1EFA69EAA7B}.Release|iPhone.ActiveCfg = Release|Any CPU
		{86803290-E402-47F0-B218-C1EFA69EAA7B}.Release|iPhone.Build.0 = Release|Any CPU
		{86803290-E402-47F0-B218-C1EFA69EAA7B}.Release|iPhoneSimulator.ActiveCfg = Release|Any CPU
		{86803290-E402-47F0-B218-C1EFA69EAA7B}.Release|iPhoneSimulator.Build.0 = Release|Any CPU
		{C18CE5F5-811D-43D8-97A3-6ED3C248BDE1}.Debug|Any CPU.ActiveCfg = Debug|Any CPU
		{C18CE5F5-811D-43D8-97A3-6ED3C248BDE1}.Debug|Any CPU.Build.0 = Debug|Any CPU
		{C18CE5F5-811D-43D8-97A3-6ED3C248BDE1}.Debug|iPhone.ActiveCfg = Debug|Any CPU
		{C18CE5F5-811D-43D8-97A3-6ED3C248BDE1}.Debug|iPhone.Build.0 = Debug|Any CPU
		{C18CE5F5-811D-43D8-97A3-6ED3C248BDE1}.Debug|iPhoneSimulator.ActiveCfg = Debug|Any CPU
		{C18CE5F5-811D-43D8-97A3-6ED3C248BDE1}.Debug|iPhoneSimulator.Build.0 = Debug|Any CPU
		{C18CE5F5-811D-43D8-97A3-6ED3C248BDE1}.Release|Any CPU.ActiveCfg = Release|Any CPU
		{C18CE5F5-811D-43D8-97A3-6ED3C248BDE1}.Release|Any CPU.Build.0 = Release|Any CPU
		{C18CE5F5-811D-43D8-97A3-6ED3C248BDE1}.Release|iPhone.ActiveCfg = Release|Any CPU
		{C18CE5F5-811D-43D8-97A3-6ED3C248BDE1}.Release|iPhone.Build.0 = Release|Any CPU
		{C18CE5F5-811D-43D8-97A3-6ED3C248BDE1}.Release|iPhoneSimulator.ActiveCfg = Release|Any CPU
		{C18CE5F5-811D-43D8-97A3-6ED3C248BDE1}.Release|iPhoneSimulator.Build.0 = Release|Any CPU
		{AF5C89AA-C435-4155-8083-49ABB77F9538}.Debug|Any CPU.ActiveCfg = Debug|Any CPU
		{AF5C89AA-C435-4155-8083-49ABB77F9538}.Debug|Any CPU.Build.0 = Debug|Any CPU
		{AF5C89AA-C435-4155-8083-49ABB77F9538}.Debug|iPhone.ActiveCfg = Debug|Any CPU
		{AF5C89AA-C435-4155-8083-49ABB77F9538}.Debug|iPhone.Build.0 = Debug|Any CPU
		{AF5C89AA-C435-4155-8083-49ABB77F9538}.Debug|iPhoneSimulator.ActiveCfg = Debug|Any CPU
		{AF5C89AA-C435-4155-8083-49ABB77F9538}.Debug|iPhoneSimulator.Build.0 = Debug|Any CPU
		{AF5C89AA-C435-4155-8083-49ABB77F9538}.Release|Any CPU.ActiveCfg = Release|Any CPU
		{AF5C89AA-C435-4155-8083-49ABB77F9538}.Release|Any CPU.Build.0 = Release|Any CPU
		{AF5C89AA-C435-4155-8083-49ABB77F9538}.Release|iPhone.ActiveCfg = Release|Any CPU
		{AF5C89AA-C435-4155-8083-49ABB77F9538}.Release|iPhone.Build.0 = Release|Any CPU
		{AF5C89AA-C435-4155-8083-49ABB77F9538}.Release|iPhoneSimulator.ActiveCfg = Release|Any CPU
		{AF5C89AA-C435-4155-8083-49ABB77F9538}.Release|iPhoneSimulator.Build.0 = Release|Any CPU
		{136B7B28-2063-4C1B-A065-BD495133A3C0}.Debug|Any CPU.ActiveCfg = Debug|Any CPU
		{136B7B28-2063-4C1B-A065-BD495133A3C0}.Debug|Any CPU.Build.0 = Debug|Any CPU
		{136B7B28-2063-4C1B-A065-BD495133A3C0}.Debug|iPhone.ActiveCfg = Debug|Any CPU
		{136B7B28-2063-4C1B-A065-BD495133A3C0}.Debug|iPhone.Build.0 = Debug|Any CPU
		{136B7B28-2063-4C1B-A065-BD495133A3C0}.Debug|iPhoneSimulator.ActiveCfg = Debug|Any CPU
		{136B7B28-2063-4C1B-A065-BD495133A3C0}.Debug|iPhoneSimulator.Build.0 = Debug|Any CPU
		{136B7B28-2063-4C1B-A065-BD495133A3C0}.Release|Any CPU.ActiveCfg = Release|Any CPU
		{136B7B28-2063-4C1B-A065-BD495133A3C0}.Release|Any CPU.Build.0 = Release|Any CPU
		{136B7B28-2063-4C1B-A065-BD495133A3C0}.Release|iPhone.ActiveCfg = Release|Any CPU
		{136B7B28-2063-4C1B-A065-BD495133A3C0}.Release|iPhone.Build.0 = Release|Any CPU
		{136B7B28-2063-4C1B-A065-BD495133A3C0}.Release|iPhoneSimulator.ActiveCfg = Release|Any CPU
		{136B7B28-2063-4C1B-A065-BD495133A3C0}.Release|iPhoneSimulator.Build.0 = Release|Any CPU
		{515E3641-B812-4CCD-804E-F4D803964788}.Debug|Any CPU.ActiveCfg = Debug|Any CPU
		{515E3641-B812-4CCD-804E-F4D803964788}.Debug|Any CPU.Build.0 = Debug|Any CPU
		{515E3641-B812-4CCD-804E-F4D803964788}.Debug|iPhone.ActiveCfg = Debug|Any CPU
		{515E3641-B812-4CCD-804E-F4D803964788}.Debug|iPhone.Build.0 = Debug|Any CPU
		{515E3641-B812-4CCD-804E-F4D803964788}.Debug|iPhoneSimulator.ActiveCfg = Debug|Any CPU
		{515E3641-B812-4CCD-804E-F4D803964788}.Debug|iPhoneSimulator.Build.0 = Debug|Any CPU
		{515E3641-B812-4CCD-804E-F4D803964788}.Release|Any CPU.ActiveCfg = Release|Any CPU
		{515E3641-B812-4CCD-804E-F4D803964788}.Release|Any CPU.Build.0 = Release|Any CPU
		{515E3641-B812-4CCD-804E-F4D803964788}.Release|iPhone.ActiveCfg = Release|Any CPU
		{515E3641-B812-4CCD-804E-F4D803964788}.Release|iPhone.Build.0 = Release|Any CPU
		{515E3641-B812-4CCD-804E-F4D803964788}.Release|iPhoneSimulator.ActiveCfg = Release|Any CPU
		{515E3641-B812-4CCD-804E-F4D803964788}.Release|iPhoneSimulator.Build.0 = Release|Any CPU
		{AE1DD507-3E7E-4220-9BB4-703D7798BBFC}.Debug|Any CPU.ActiveCfg = Debug|Any CPU
		{AE1DD507-3E7E-4220-9BB4-703D7798BBFC}.Debug|Any CPU.Build.0 = Debug|Any CPU
		{AE1DD507-3E7E-4220-9BB4-703D7798BBFC}.Debug|iPhone.ActiveCfg = Debug|Any CPU
		{AE1DD507-3E7E-4220-9BB4-703D7798BBFC}.Debug|iPhone.Build.0 = Debug|Any CPU
		{AE1DD507-3E7E-4220-9BB4-703D7798BBFC}.Debug|iPhoneSimulator.ActiveCfg = Debug|Any CPU
		{AE1DD507-3E7E-4220-9BB4-703D7798BBFC}.Debug|iPhoneSimulator.Build.0 = Debug|Any CPU
		{AE1DD507-3E7E-4220-9BB4-703D7798BBFC}.Release|Any CPU.ActiveCfg = Release|Any CPU
		{AE1DD507-3E7E-4220-9BB4-703D7798BBFC}.Release|Any CPU.Build.0 = Release|Any CPU
		{AE1DD507-3E7E-4220-9BB4-703D7798BBFC}.Release|iPhone.ActiveCfg = Release|Any CPU
		{AE1DD507-3E7E-4220-9BB4-703D7798BBFC}.Release|iPhone.Build.0 = Release|Any CPU
		{AE1DD507-3E7E-4220-9BB4-703D7798BBFC}.Release|iPhoneSimulator.ActiveCfg = Release|Any CPU
		{AE1DD507-3E7E-4220-9BB4-703D7798BBFC}.Release|iPhoneSimulator.Build.0 = Release|Any CPU
		{BBED3765-513C-4D0B-9812-6AC0E970DB3F}.Debug|Any CPU.ActiveCfg = Debug|Any CPU
		{BBED3765-513C-4D0B-9812-6AC0E970DB3F}.Debug|Any CPU.Build.0 = Debug|Any CPU
		{BBED3765-513C-4D0B-9812-6AC0E970DB3F}.Debug|iPhone.ActiveCfg = Debug|Any CPU
		{BBED3765-513C-4D0B-9812-6AC0E970DB3F}.Debug|iPhone.Build.0 = Debug|Any CPU
		{BBED3765-513C-4D0B-9812-6AC0E970DB3F}.Debug|iPhoneSimulator.ActiveCfg = Debug|Any CPU
		{BBED3765-513C-4D0B-9812-6AC0E970DB3F}.Debug|iPhoneSimulator.Build.0 = Debug|Any CPU
		{BBED3765-513C-4D0B-9812-6AC0E970DB3F}.Release|Any CPU.ActiveCfg = Release|Any CPU
		{BBED3765-513C-4D0B-9812-6AC0E970DB3F}.Release|Any CPU.Build.0 = Release|Any CPU
		{BBED3765-513C-4D0B-9812-6AC0E970DB3F}.Release|iPhone.ActiveCfg = Release|Any CPU
		{BBED3765-513C-4D0B-9812-6AC0E970DB3F}.Release|iPhone.Build.0 = Release|Any CPU
		{BBED3765-513C-4D0B-9812-6AC0E970DB3F}.Release|iPhoneSimulator.ActiveCfg = Release|Any CPU
		{BBED3765-513C-4D0B-9812-6AC0E970DB3F}.Release|iPhoneSimulator.Build.0 = Release|Any CPU
		{03F725F6-A15C-43BA-8492-B5AA89B97B2E}.Debug|Any CPU.ActiveCfg = Debug|Any CPU
		{03F725F6-A15C-43BA-8492-B5AA89B97B2E}.Debug|Any CPU.Build.0 = Debug|Any CPU
		{03F725F6-A15C-43BA-8492-B5AA89B97B2E}.Debug|iPhone.ActiveCfg = Debug|Any CPU
		{03F725F6-A15C-43BA-8492-B5AA89B97B2E}.Debug|iPhone.Build.0 = Debug|Any CPU
		{03F725F6-A15C-43BA-8492-B5AA89B97B2E}.Debug|iPhoneSimulator.ActiveCfg = Debug|Any CPU
		{03F725F6-A15C-43BA-8492-B5AA89B97B2E}.Debug|iPhoneSimulator.Build.0 = Debug|Any CPU
		{03F725F6-A15C-43BA-8492-B5AA89B97B2E}.Release|Any CPU.ActiveCfg = Release|Any CPU
		{03F725F6-A15C-43BA-8492-B5AA89B97B2E}.Release|Any CPU.Build.0 = Release|Any CPU
		{03F725F6-A15C-43BA-8492-B5AA89B97B2E}.Release|iPhone.ActiveCfg = Release|Any CPU
		{03F725F6-A15C-43BA-8492-B5AA89B97B2E}.Release|iPhone.Build.0 = Release|Any CPU
		{03F725F6-A15C-43BA-8492-B5AA89B97B2E}.Release|iPhoneSimulator.ActiveCfg = Release|Any CPU
		{03F725F6-A15C-43BA-8492-B5AA89B97B2E}.Release|iPhoneSimulator.Build.0 = Release|Any CPU
		{99F0B8CA-21AC-4369-857B-58F063603E6E}.Debug|Any CPU.ActiveCfg = Debug|Any CPU
		{99F0B8CA-21AC-4369-857B-58F063603E6E}.Debug|Any CPU.Build.0 = Debug|Any CPU
		{99F0B8CA-21AC-4369-857B-58F063603E6E}.Debug|iPhone.ActiveCfg = Debug|Any CPU
		{99F0B8CA-21AC-4369-857B-58F063603E6E}.Debug|iPhone.Build.0 = Debug|Any CPU
		{99F0B8CA-21AC-4369-857B-58F063603E6E}.Debug|iPhoneSimulator.ActiveCfg = Debug|Any CPU
		{99F0B8CA-21AC-4369-857B-58F063603E6E}.Debug|iPhoneSimulator.Build.0 = Debug|Any CPU
		{99F0B8CA-21AC-4369-857B-58F063603E6E}.Release|Any CPU.ActiveCfg = Release|Any CPU
		{99F0B8CA-21AC-4369-857B-58F063603E6E}.Release|Any CPU.Build.0 = Release|Any CPU
		{99F0B8CA-21AC-4369-857B-58F063603E6E}.Release|iPhone.ActiveCfg = Release|Any CPU
		{99F0B8CA-21AC-4369-857B-58F063603E6E}.Release|iPhone.Build.0 = Release|Any CPU
		{99F0B8CA-21AC-4369-857B-58F063603E6E}.Release|iPhoneSimulator.ActiveCfg = Release|Any CPU
		{99F0B8CA-21AC-4369-857B-58F063603E6E}.Release|iPhoneSimulator.Build.0 = Release|Any CPU
		{76C0D1AF-4754-46BB-AAB9-A7E2D9F134D0}.Debug|Any CPU.ActiveCfg = Debug|Any CPU
		{76C0D1AF-4754-46BB-AAB9-A7E2D9F134D0}.Debug|Any CPU.Build.0 = Debug|Any CPU
		{76C0D1AF-4754-46BB-AAB9-A7E2D9F134D0}.Debug|iPhone.ActiveCfg = Debug|Any CPU
		{76C0D1AF-4754-46BB-AAB9-A7E2D9F134D0}.Debug|iPhone.Build.0 = Debug|Any CPU
		{76C0D1AF-4754-46BB-AAB9-A7E2D9F134D0}.Debug|iPhoneSimulator.ActiveCfg = Debug|Any CPU
		{76C0D1AF-4754-46BB-AAB9-A7E2D9F134D0}.Debug|iPhoneSimulator.Build.0 = Debug|Any CPU
		{76C0D1AF-4754-46BB-AAB9-A7E2D9F134D0}.Release|Any CPU.ActiveCfg = Release|Any CPU
		{76C0D1AF-4754-46BB-AAB9-A7E2D9F134D0}.Release|Any CPU.Build.0 = Release|Any CPU
		{76C0D1AF-4754-46BB-AAB9-A7E2D9F134D0}.Release|iPhone.ActiveCfg = Release|Any CPU
		{76C0D1AF-4754-46BB-AAB9-A7E2D9F134D0}.Release|iPhone.Build.0 = Release|Any CPU
		{76C0D1AF-4754-46BB-AAB9-A7E2D9F134D0}.Release|iPhoneSimulator.ActiveCfg = Release|Any CPU
		{76C0D1AF-4754-46BB-AAB9-A7E2D9F134D0}.Release|iPhoneSimulator.Build.0 = Release|Any CPU
		{AC88CD37-448B-4D8D-9C99-26280D77B170}.Debug|Any CPU.ActiveCfg = Debug|Any CPU
		{AC88CD37-448B-4D8D-9C99-26280D77B170}.Debug|Any CPU.Build.0 = Debug|Any CPU
		{AC88CD37-448B-4D8D-9C99-26280D77B170}.Debug|iPhone.ActiveCfg = Debug|Any CPU
		{AC88CD37-448B-4D8D-9C99-26280D77B170}.Debug|iPhone.Build.0 = Debug|Any CPU
		{AC88CD37-448B-4D8D-9C99-26280D77B170}.Debug|iPhoneSimulator.ActiveCfg = Debug|Any CPU
		{AC88CD37-448B-4D8D-9C99-26280D77B170}.Debug|iPhoneSimulator.Build.0 = Debug|Any CPU
		{AC88CD37-448B-4D8D-9C99-26280D77B170}.Release|Any CPU.ActiveCfg = Release|Any CPU
		{AC88CD37-448B-4D8D-9C99-26280D77B170}.Release|Any CPU.Build.0 = Release|Any CPU
		{AC88CD37-448B-4D8D-9C99-26280D77B170}.Release|iPhone.ActiveCfg = Release|Any CPU
		{AC88CD37-448B-4D8D-9C99-26280D77B170}.Release|iPhone.Build.0 = Release|Any CPU
		{AC88CD37-448B-4D8D-9C99-26280D77B170}.Release|iPhoneSimulator.ActiveCfg = Release|Any CPU
		{AC88CD37-448B-4D8D-9C99-26280D77B170}.Release|iPhoneSimulator.Build.0 = Release|Any CPU
		{3CC402A9-FF6C-4780-90FE-B544442D8348}.Debug|Any CPU.ActiveCfg = Debug|Any CPU
		{3CC402A9-FF6C-4780-90FE-B544442D8348}.Debug|Any CPU.Build.0 = Debug|Any CPU
		{3CC402A9-FF6C-4780-90FE-B544442D8348}.Debug|iPhone.ActiveCfg = Debug|Any CPU
		{3CC402A9-FF6C-4780-90FE-B544442D8348}.Debug|iPhone.Build.0 = Debug|Any CPU
		{3CC402A9-FF6C-4780-90FE-B544442D8348}.Debug|iPhoneSimulator.ActiveCfg = Debug|Any CPU
		{3CC402A9-FF6C-4780-90FE-B544442D8348}.Debug|iPhoneSimulator.Build.0 = Debug|Any CPU
		{3CC402A9-FF6C-4780-90FE-B544442D8348}.Release|Any CPU.ActiveCfg = Release|Any CPU
		{3CC402A9-FF6C-4780-90FE-B544442D8348}.Release|Any CPU.Build.0 = Release|Any CPU
		{3CC402A9-FF6C-4780-90FE-B544442D8348}.Release|iPhone.ActiveCfg = Release|Any CPU
		{3CC402A9-FF6C-4780-90FE-B544442D8348}.Release|iPhone.Build.0 = Release|Any CPU
		{3CC402A9-FF6C-4780-90FE-B544442D8348}.Release|iPhoneSimulator.ActiveCfg = Release|Any CPU
		{3CC402A9-FF6C-4780-90FE-B544442D8348}.Release|iPhoneSimulator.Build.0 = Release|Any CPU
		{809D0447-CAD0-485C-A1BA-F8974C7AE6F6}.Debug|Any CPU.ActiveCfg = Debug|Any CPU
		{809D0447-CAD0-485C-A1BA-F8974C7AE6F6}.Debug|Any CPU.Build.0 = Debug|Any CPU
		{809D0447-CAD0-485C-A1BA-F8974C7AE6F6}.Debug|iPhone.ActiveCfg = Debug|Any CPU
		{809D0447-CAD0-485C-A1BA-F8974C7AE6F6}.Debug|iPhone.Build.0 = Debug|Any CPU
		{809D0447-CAD0-485C-A1BA-F8974C7AE6F6}.Debug|iPhoneSimulator.ActiveCfg = Debug|Any CPU
		{809D0447-CAD0-485C-A1BA-F8974C7AE6F6}.Debug|iPhoneSimulator.Build.0 = Debug|Any CPU
		{809D0447-CAD0-485C-A1BA-F8974C7AE6F6}.Release|Any CPU.ActiveCfg = Release|Any CPU
		{809D0447-CAD0-485C-A1BA-F8974C7AE6F6}.Release|Any CPU.Build.0 = Release|Any CPU
		{809D0447-CAD0-485C-A1BA-F8974C7AE6F6}.Release|iPhone.ActiveCfg = Release|Any CPU
		{809D0447-CAD0-485C-A1BA-F8974C7AE6F6}.Release|iPhone.Build.0 = Release|Any CPU
		{809D0447-CAD0-485C-A1BA-F8974C7AE6F6}.Release|iPhoneSimulator.ActiveCfg = Release|Any CPU
		{809D0447-CAD0-485C-A1BA-F8974C7AE6F6}.Release|iPhoneSimulator.Build.0 = Release|Any CPU
		{CC44674F-5032-48DA-A025-97BE243BE00A}.Debug|Any CPU.ActiveCfg = Debug|Any CPU
		{CC44674F-5032-48DA-A025-97BE243BE00A}.Debug|Any CPU.Build.0 = Debug|Any CPU
		{CC44674F-5032-48DA-A025-97BE243BE00A}.Debug|iPhone.ActiveCfg = Debug|Any CPU
		{CC44674F-5032-48DA-A025-97BE243BE00A}.Debug|iPhone.Build.0 = Debug|Any CPU
		{CC44674F-5032-48DA-A025-97BE243BE00A}.Debug|iPhoneSimulator.ActiveCfg = Debug|Any CPU
		{CC44674F-5032-48DA-A025-97BE243BE00A}.Debug|iPhoneSimulator.Build.0 = Debug|Any CPU
		{CC44674F-5032-48DA-A025-97BE243BE00A}.Release|Any CPU.ActiveCfg = Release|Any CPU
		{CC44674F-5032-48DA-A025-97BE243BE00A}.Release|Any CPU.Build.0 = Release|Any CPU
		{CC44674F-5032-48DA-A025-97BE243BE00A}.Release|iPhone.ActiveCfg = Release|Any CPU
		{CC44674F-5032-48DA-A025-97BE243BE00A}.Release|iPhone.Build.0 = Release|Any CPU
		{CC44674F-5032-48DA-A025-97BE243BE00A}.Release|iPhoneSimulator.ActiveCfg = Release|Any CPU
		{CC44674F-5032-48DA-A025-97BE243BE00A}.Release|iPhoneSimulator.Build.0 = Release|Any CPU
		{A2E25AB7-538D-4066-BD27-3981522297B4}.Debug|Any CPU.ActiveCfg = Debug|Any CPU
		{A2E25AB7-538D-4066-BD27-3981522297B4}.Debug|Any CPU.Build.0 = Debug|Any CPU
		{A2E25AB7-538D-4066-BD27-3981522297B4}.Debug|iPhone.ActiveCfg = Debug|Any CPU
		{A2E25AB7-538D-4066-BD27-3981522297B4}.Debug|iPhone.Build.0 = Debug|Any CPU
		{A2E25AB7-538D-4066-BD27-3981522297B4}.Debug|iPhoneSimulator.ActiveCfg = Debug|Any CPU
		{A2E25AB7-538D-4066-BD27-3981522297B4}.Debug|iPhoneSimulator.Build.0 = Debug|Any CPU
		{A2E25AB7-538D-4066-BD27-3981522297B4}.Release|Any CPU.ActiveCfg = Release|Any CPU
		{A2E25AB7-538D-4066-BD27-3981522297B4}.Release|Any CPU.Build.0 = Release|Any CPU
		{A2E25AB7-538D-4066-BD27-3981522297B4}.Release|iPhone.ActiveCfg = Release|Any CPU
		{A2E25AB7-538D-4066-BD27-3981522297B4}.Release|iPhone.Build.0 = Release|Any CPU
		{A2E25AB7-538D-4066-BD27-3981522297B4}.Release|iPhoneSimulator.ActiveCfg = Release|Any CPU
		{A2E25AB7-538D-4066-BD27-3981522297B4}.Release|iPhoneSimulator.Build.0 = Release|Any CPU
		{D8D1BE79-7505-4EFE-BEA8-D9A6F940A8B0}.Debug|Any CPU.ActiveCfg = Debug|Any CPU
		{D8D1BE79-7505-4EFE-BEA8-D9A6F940A8B0}.Debug|Any CPU.Build.0 = Debug|Any CPU
		{D8D1BE79-7505-4EFE-BEA8-D9A6F940A8B0}.Debug|iPhone.ActiveCfg = Debug|Any CPU
		{D8D1BE79-7505-4EFE-BEA8-D9A6F940A8B0}.Debug|iPhone.Build.0 = Debug|Any CPU
		{D8D1BE79-7505-4EFE-BEA8-D9A6F940A8B0}.Debug|iPhoneSimulator.ActiveCfg = Debug|Any CPU
		{D8D1BE79-7505-4EFE-BEA8-D9A6F940A8B0}.Debug|iPhoneSimulator.Build.0 = Debug|Any CPU
		{D8D1BE79-7505-4EFE-BEA8-D9A6F940A8B0}.Release|Any CPU.ActiveCfg = Release|Any CPU
		{D8D1BE79-7505-4EFE-BEA8-D9A6F940A8B0}.Release|Any CPU.Build.0 = Release|Any CPU
		{D8D1BE79-7505-4EFE-BEA8-D9A6F940A8B0}.Release|iPhone.ActiveCfg = Release|Any CPU
		{D8D1BE79-7505-4EFE-BEA8-D9A6F940A8B0}.Release|iPhone.Build.0 = Release|Any CPU
		{D8D1BE79-7505-4EFE-BEA8-D9A6F940A8B0}.Release|iPhoneSimulator.ActiveCfg = Release|Any CPU
		{D8D1BE79-7505-4EFE-BEA8-D9A6F940A8B0}.Release|iPhoneSimulator.Build.0 = Release|Any CPU
		{E825C903-1EA3-4295-B6FB-2AE56ECF85DB}.Debug|Any CPU.ActiveCfg = Debug|Any CPU
		{E825C903-1EA3-4295-B6FB-2AE56ECF85DB}.Debug|Any CPU.Build.0 = Debug|Any CPU
		{E825C903-1EA3-4295-B6FB-2AE56ECF85DB}.Debug|iPhone.ActiveCfg = Debug|Any CPU
		{E825C903-1EA3-4295-B6FB-2AE56ECF85DB}.Debug|iPhone.Build.0 = Debug|Any CPU
		{E825C903-1EA3-4295-B6FB-2AE56ECF85DB}.Debug|iPhoneSimulator.ActiveCfg = Debug|Any CPU
		{E825C903-1EA3-4295-B6FB-2AE56ECF85DB}.Debug|iPhoneSimulator.Build.0 = Debug|Any CPU
		{E825C903-1EA3-4295-B6FB-2AE56ECF85DB}.Release|Any CPU.ActiveCfg = Release|Any CPU
		{E825C903-1EA3-4295-B6FB-2AE56ECF85DB}.Release|Any CPU.Build.0 = Release|Any CPU
		{E825C903-1EA3-4295-B6FB-2AE56ECF85DB}.Release|iPhone.ActiveCfg = Release|Any CPU
		{E825C903-1EA3-4295-B6FB-2AE56ECF85DB}.Release|iPhone.Build.0 = Release|Any CPU
		{E825C903-1EA3-4295-B6FB-2AE56ECF85DB}.Release|iPhoneSimulator.ActiveCfg = Release|Any CPU
		{E825C903-1EA3-4295-B6FB-2AE56ECF85DB}.Release|iPhoneSimulator.Build.0 = Release|Any CPU
		{051A46A0-4D74-4988-AEEB-1E566E695A03}.Debug|Any CPU.ActiveCfg = Debug|Any CPU
		{051A46A0-4D74-4988-AEEB-1E566E695A03}.Debug|Any CPU.Build.0 = Debug|Any CPU
		{051A46A0-4D74-4988-AEEB-1E566E695A03}.Debug|Any CPU.Deploy.0 = Debug|Any CPU
		{051A46A0-4D74-4988-AEEB-1E566E695A03}.Debug|iPhone.ActiveCfg = Debug|Any CPU
		{051A46A0-4D74-4988-AEEB-1E566E695A03}.Debug|iPhone.Build.0 = Debug|Any CPU
		{051A46A0-4D74-4988-AEEB-1E566E695A03}.Debug|iPhone.Deploy.0 = Debug|Any CPU
		{051A46A0-4D74-4988-AEEB-1E566E695A03}.Debug|iPhoneSimulator.ActiveCfg = Debug|Any CPU
		{051A46A0-4D74-4988-AEEB-1E566E695A03}.Debug|iPhoneSimulator.Build.0 = Debug|Any CPU
		{051A46A0-4D74-4988-AEEB-1E566E695A03}.Debug|iPhoneSimulator.Deploy.0 = Debug|Any CPU
		{051A46A0-4D74-4988-AEEB-1E566E695A03}.Release|Any CPU.ActiveCfg = Release|Any CPU
		{051A46A0-4D74-4988-AEEB-1E566E695A03}.Release|Any CPU.Build.0 = Release|Any CPU
		{051A46A0-4D74-4988-AEEB-1E566E695A03}.Release|Any CPU.Deploy.0 = Release|Any CPU
		{051A46A0-4D74-4988-AEEB-1E566E695A03}.Release|iPhone.ActiveCfg = Release|Any CPU
		{051A46A0-4D74-4988-AEEB-1E566E695A03}.Release|iPhone.Build.0 = Release|Any CPU
		{051A46A0-4D74-4988-AEEB-1E566E695A03}.Release|iPhone.Deploy.0 = Release|Any CPU
		{051A46A0-4D74-4988-AEEB-1E566E695A03}.Release|iPhoneSimulator.ActiveCfg = Release|Any CPU
		{051A46A0-4D74-4988-AEEB-1E566E695A03}.Release|iPhoneSimulator.Build.0 = Release|Any CPU
		{051A46A0-4D74-4988-AEEB-1E566E695A03}.Release|iPhoneSimulator.Deploy.0 = Release|Any CPU
		{F4911B41-4BFA-4F84-9886-8C8679CCB80D}.Debug|Any CPU.ActiveCfg = Debug|Any CPU
		{F4911B41-4BFA-4F84-9886-8C8679CCB80D}.Debug|Any CPU.Build.0 = Debug|Any CPU
		{F4911B41-4BFA-4F84-9886-8C8679CCB80D}.Debug|iPhone.ActiveCfg = Debug|Any CPU
		{F4911B41-4BFA-4F84-9886-8C8679CCB80D}.Debug|iPhone.Build.0 = Debug|Any CPU
		{F4911B41-4BFA-4F84-9886-8C8679CCB80D}.Debug|iPhoneSimulator.ActiveCfg = Debug|Any CPU
		{F4911B41-4BFA-4F84-9886-8C8679CCB80D}.Debug|iPhoneSimulator.Build.0 = Debug|Any CPU
		{F4911B41-4BFA-4F84-9886-8C8679CCB80D}.Release|Any CPU.ActiveCfg = Release|Any CPU
		{F4911B41-4BFA-4F84-9886-8C8679CCB80D}.Release|Any CPU.Build.0 = Release|Any CPU
		{F4911B41-4BFA-4F84-9886-8C8679CCB80D}.Release|iPhone.ActiveCfg = Release|Any CPU
		{F4911B41-4BFA-4F84-9886-8C8679CCB80D}.Release|iPhone.Build.0 = Release|Any CPU
		{F4911B41-4BFA-4F84-9886-8C8679CCB80D}.Release|iPhoneSimulator.ActiveCfg = Release|Any CPU
		{F4911B41-4BFA-4F84-9886-8C8679CCB80D}.Release|iPhoneSimulator.Build.0 = Release|Any CPU
		{F4736B8C-131B-4299-8026-4B6F465B95BC}.Debug|Any CPU.ActiveCfg = Debug|Any CPU
		{F4736B8C-131B-4299-8026-4B6F465B95BC}.Debug|Any CPU.Build.0 = Debug|Any CPU
		{F4736B8C-131B-4299-8026-4B6F465B95BC}.Debug|Any CPU.Deploy.0 = Debug|Any CPU
		{F4736B8C-131B-4299-8026-4B6F465B95BC}.Debug|iPhone.ActiveCfg = Debug|Any CPU
		{F4736B8C-131B-4299-8026-4B6F465B95BC}.Debug|iPhone.Build.0 = Debug|Any CPU
		{F4736B8C-131B-4299-8026-4B6F465B95BC}.Debug|iPhone.Deploy.0 = Debug|Any CPU
		{F4736B8C-131B-4299-8026-4B6F465B95BC}.Debug|iPhoneSimulator.ActiveCfg = Debug|Any CPU
		{F4736B8C-131B-4299-8026-4B6F465B95BC}.Debug|iPhoneSimulator.Build.0 = Debug|Any CPU
		{F4736B8C-131B-4299-8026-4B6F465B95BC}.Debug|iPhoneSimulator.Deploy.0 = Debug|Any CPU
		{F4736B8C-131B-4299-8026-4B6F465B95BC}.Release|Any CPU.ActiveCfg = Release|Any CPU
		{F4736B8C-131B-4299-8026-4B6F465B95BC}.Release|Any CPU.Build.0 = Release|Any CPU
		{F4736B8C-131B-4299-8026-4B6F465B95BC}.Release|Any CPU.Deploy.0 = Release|Any CPU
		{F4736B8C-131B-4299-8026-4B6F465B95BC}.Release|iPhone.ActiveCfg = Release|Any CPU
		{F4736B8C-131B-4299-8026-4B6F465B95BC}.Release|iPhone.Build.0 = Release|Any CPU
		{F4736B8C-131B-4299-8026-4B6F465B95BC}.Release|iPhone.Deploy.0 = Release|Any CPU
		{F4736B8C-131B-4299-8026-4B6F465B95BC}.Release|iPhoneSimulator.ActiveCfg = Release|Any CPU
		{F4736B8C-131B-4299-8026-4B6F465B95BC}.Release|iPhoneSimulator.Build.0 = Release|Any CPU
		{F4736B8C-131B-4299-8026-4B6F465B95BC}.Release|iPhoneSimulator.Deploy.0 = Release|Any CPU
		{701AFB52-E6B6-4AF4-B3FB-43B6C3BD0BC5}.Debug|Any CPU.ActiveCfg = Debug|Any CPU
		{701AFB52-E6B6-4AF4-B3FB-43B6C3BD0BC5}.Debug|Any CPU.Build.0 = Debug|Any CPU
		{701AFB52-E6B6-4AF4-B3FB-43B6C3BD0BC5}.Debug|iPhone.ActiveCfg = Debug|Any CPU
		{701AFB52-E6B6-4AF4-B3FB-43B6C3BD0BC5}.Debug|iPhone.Build.0 = Debug|Any CPU
		{701AFB52-E6B6-4AF4-B3FB-43B6C3BD0BC5}.Debug|iPhoneSimulator.ActiveCfg = Debug|Any CPU
		{701AFB52-E6B6-4AF4-B3FB-43B6C3BD0BC5}.Debug|iPhoneSimulator.Build.0 = Debug|Any CPU
		{701AFB52-E6B6-4AF4-B3FB-43B6C3BD0BC5}.Release|Any CPU.ActiveCfg = Release|Any CPU
		{701AFB52-E6B6-4AF4-B3FB-43B6C3BD0BC5}.Release|Any CPU.Build.0 = Release|Any CPU
		{701AFB52-E6B6-4AF4-B3FB-43B6C3BD0BC5}.Release|iPhone.ActiveCfg = Release|Any CPU
		{701AFB52-E6B6-4AF4-B3FB-43B6C3BD0BC5}.Release|iPhone.Build.0 = Release|Any CPU
		{701AFB52-E6B6-4AF4-B3FB-43B6C3BD0BC5}.Release|iPhoneSimulator.ActiveCfg = Release|Any CPU
		{701AFB52-E6B6-4AF4-B3FB-43B6C3BD0BC5}.Release|iPhoneSimulator.Build.0 = Release|Any CPU
		{6133B5EA-82A6-4486-8929-20554FAB2CBB}.Debug|Any CPU.ActiveCfg = Debug|Any CPU
		{6133B5EA-82A6-4486-8929-20554FAB2CBB}.Debug|Any CPU.Build.0 = Debug|Any CPU
		{6133B5EA-82A6-4486-8929-20554FAB2CBB}.Debug|iPhone.ActiveCfg = Debug|Any CPU
		{6133B5EA-82A6-4486-8929-20554FAB2CBB}.Debug|iPhone.Build.0 = Debug|Any CPU
		{6133B5EA-82A6-4486-8929-20554FAB2CBB}.Debug|iPhoneSimulator.ActiveCfg = Debug|Any CPU
		{6133B5EA-82A6-4486-8929-20554FAB2CBB}.Debug|iPhoneSimulator.Build.0 = Debug|Any CPU
		{6133B5EA-82A6-4486-8929-20554FAB2CBB}.Release|Any CPU.ActiveCfg = Release|Any CPU
		{6133B5EA-82A6-4486-8929-20554FAB2CBB}.Release|Any CPU.Build.0 = Release|Any CPU
		{6133B5EA-82A6-4486-8929-20554FAB2CBB}.Release|iPhone.ActiveCfg = Release|Any CPU
		{6133B5EA-82A6-4486-8929-20554FAB2CBB}.Release|iPhone.Build.0 = Release|Any CPU
		{6133B5EA-82A6-4486-8929-20554FAB2CBB}.Release|iPhoneSimulator.ActiveCfg = Release|Any CPU
		{6133B5EA-82A6-4486-8929-20554FAB2CBB}.Release|iPhoneSimulator.Build.0 = Release|Any CPU
		{86A762A3-18ED-4CC3-89C9-8E8FEB3E25BA}.Debug|Any CPU.ActiveCfg = Debug|Any CPU
		{86A762A3-18ED-4CC3-89C9-8E8FEB3E25BA}.Debug|Any CPU.Build.0 = Debug|Any CPU
		{86A762A3-18ED-4CC3-89C9-8E8FEB3E25BA}.Debug|Any CPU.Deploy.0 = Debug|Any CPU
		{86A762A3-18ED-4CC3-89C9-8E8FEB3E25BA}.Debug|iPhone.ActiveCfg = Debug|Any CPU
		{86A762A3-18ED-4CC3-89C9-8E8FEB3E25BA}.Debug|iPhone.Build.0 = Debug|Any CPU
		{86A762A3-18ED-4CC3-89C9-8E8FEB3E25BA}.Debug|iPhone.Deploy.0 = Debug|Any CPU
		{86A762A3-18ED-4CC3-89C9-8E8FEB3E25BA}.Debug|iPhoneSimulator.ActiveCfg = Debug|Any CPU
		{86A762A3-18ED-4CC3-89C9-8E8FEB3E25BA}.Debug|iPhoneSimulator.Build.0 = Debug|Any CPU
		{86A762A3-18ED-4CC3-89C9-8E8FEB3E25BA}.Debug|iPhoneSimulator.Deploy.0 = Debug|Any CPU
		{86A762A3-18ED-4CC3-89C9-8E8FEB3E25BA}.Release|Any CPU.ActiveCfg = Release|Any CPU
		{86A762A3-18ED-4CC3-89C9-8E8FEB3E25BA}.Release|Any CPU.Build.0 = Release|Any CPU
		{86A762A3-18ED-4CC3-89C9-8E8FEB3E25BA}.Release|Any CPU.Deploy.0 = Release|Any CPU
		{86A762A3-18ED-4CC3-89C9-8E8FEB3E25BA}.Release|iPhone.ActiveCfg = Release|Any CPU
		{86A762A3-18ED-4CC3-89C9-8E8FEB3E25BA}.Release|iPhone.Build.0 = Release|Any CPU
		{86A762A3-18ED-4CC3-89C9-8E8FEB3E25BA}.Release|iPhone.Deploy.0 = Release|Any CPU
		{86A762A3-18ED-4CC3-89C9-8E8FEB3E25BA}.Release|iPhoneSimulator.ActiveCfg = Release|Any CPU
		{86A762A3-18ED-4CC3-89C9-8E8FEB3E25BA}.Release|iPhoneSimulator.Build.0 = Release|Any CPU
		{86A762A3-18ED-4CC3-89C9-8E8FEB3E25BA}.Release|iPhoneSimulator.Deploy.0 = Release|Any CPU
		{435E401A-C2C5-49C3-BB20-F6248A4FBA1B}.Debug|Any CPU.ActiveCfg = Debug|Any CPU
		{435E401A-C2C5-49C3-BB20-F6248A4FBA1B}.Debug|Any CPU.Build.0 = Debug|Any CPU
		{435E401A-C2C5-49C3-BB20-F6248A4FBA1B}.Debug|iPhone.ActiveCfg = Debug|Any CPU
		{435E401A-C2C5-49C3-BB20-F6248A4FBA1B}.Debug|iPhone.Build.0 = Debug|Any CPU
		{435E401A-C2C5-49C3-BB20-F6248A4FBA1B}.Debug|iPhoneSimulator.ActiveCfg = Debug|Any CPU
		{435E401A-C2C5-49C3-BB20-F6248A4FBA1B}.Debug|iPhoneSimulator.Build.0 = Debug|Any CPU
		{435E401A-C2C5-49C3-BB20-F6248A4FBA1B}.Release|Any CPU.ActiveCfg = Release|Any CPU
		{435E401A-C2C5-49C3-BB20-F6248A4FBA1B}.Release|Any CPU.Build.0 = Release|Any CPU
		{435E401A-C2C5-49C3-BB20-F6248A4FBA1B}.Release|iPhone.ActiveCfg = Release|Any CPU
		{435E401A-C2C5-49C3-BB20-F6248A4FBA1B}.Release|iPhone.Build.0 = Release|Any CPU
		{435E401A-C2C5-49C3-BB20-F6248A4FBA1B}.Release|iPhoneSimulator.ActiveCfg = Release|Any CPU
		{435E401A-C2C5-49C3-BB20-F6248A4FBA1B}.Release|iPhoneSimulator.Build.0 = Release|Any CPU
		{1B22473E-C0A5-4800-892C-2DEE695D9E7B}.Debug|Any CPU.ActiveCfg = Debug|Any CPU
		{1B22473E-C0A5-4800-892C-2DEE695D9E7B}.Debug|Any CPU.Build.0 = Debug|Any CPU
		{1B22473E-C0A5-4800-892C-2DEE695D9E7B}.Debug|Any CPU.Deploy.0 = Debug|Any CPU
		{1B22473E-C0A5-4800-892C-2DEE695D9E7B}.Debug|iPhone.ActiveCfg = Debug|Any CPU
		{1B22473E-C0A5-4800-892C-2DEE695D9E7B}.Debug|iPhone.Build.0 = Debug|Any CPU
		{1B22473E-C0A5-4800-892C-2DEE695D9E7B}.Debug|iPhone.Deploy.0 = Debug|Any CPU
		{1B22473E-C0A5-4800-892C-2DEE695D9E7B}.Debug|iPhoneSimulator.ActiveCfg = Debug|Any CPU
		{1B22473E-C0A5-4800-892C-2DEE695D9E7B}.Debug|iPhoneSimulator.Build.0 = Debug|Any CPU
		{1B22473E-C0A5-4800-892C-2DEE695D9E7B}.Debug|iPhoneSimulator.Deploy.0 = Debug|Any CPU
		{1B22473E-C0A5-4800-892C-2DEE695D9E7B}.Release|Any CPU.ActiveCfg = Release|Any CPU
		{1B22473E-C0A5-4800-892C-2DEE695D9E7B}.Release|Any CPU.Build.0 = Release|Any CPU
		{1B22473E-C0A5-4800-892C-2DEE695D9E7B}.Release|Any CPU.Deploy.0 = Release|Any CPU
		{1B22473E-C0A5-4800-892C-2DEE695D9E7B}.Release|iPhone.ActiveCfg = Release|Any CPU
		{1B22473E-C0A5-4800-892C-2DEE695D9E7B}.Release|iPhone.Build.0 = Release|Any CPU
		{1B22473E-C0A5-4800-892C-2DEE695D9E7B}.Release|iPhone.Deploy.0 = Release|Any CPU
		{1B22473E-C0A5-4800-892C-2DEE695D9E7B}.Release|iPhoneSimulator.ActiveCfg = Release|Any CPU
		{1B22473E-C0A5-4800-892C-2DEE695D9E7B}.Release|iPhoneSimulator.Build.0 = Release|Any CPU
		{1B22473E-C0A5-4800-892C-2DEE695D9E7B}.Release|iPhoneSimulator.Deploy.0 = Release|Any CPU
		{42E9F652-A4B1-4C7B-9D48-0EDA548C449C}.Debug|Any CPU.ActiveCfg = Debug|Any CPU
		{42E9F652-A4B1-4C7B-9D48-0EDA548C449C}.Debug|Any CPU.Build.0 = Debug|Any CPU
		{42E9F652-A4B1-4C7B-9D48-0EDA548C449C}.Debug|iPhone.ActiveCfg = Debug|Any CPU
		{42E9F652-A4B1-4C7B-9D48-0EDA548C449C}.Debug|iPhone.Build.0 = Debug|Any CPU
		{42E9F652-A4B1-4C7B-9D48-0EDA548C449C}.Debug|iPhoneSimulator.ActiveCfg = Debug|Any CPU
		{42E9F652-A4B1-4C7B-9D48-0EDA548C449C}.Debug|iPhoneSimulator.Build.0 = Debug|Any CPU
		{42E9F652-A4B1-4C7B-9D48-0EDA548C449C}.Release|Any CPU.ActiveCfg = Release|Any CPU
		{42E9F652-A4B1-4C7B-9D48-0EDA548C449C}.Release|Any CPU.Build.0 = Release|Any CPU
		{42E9F652-A4B1-4C7B-9D48-0EDA548C449C}.Release|iPhone.ActiveCfg = Release|Any CPU
		{42E9F652-A4B1-4C7B-9D48-0EDA548C449C}.Release|iPhone.Build.0 = Release|Any CPU
		{42E9F652-A4B1-4C7B-9D48-0EDA548C449C}.Release|iPhoneSimulator.ActiveCfg = Release|Any CPU
		{42E9F652-A4B1-4C7B-9D48-0EDA548C449C}.Release|iPhoneSimulator.Build.0 = Release|Any CPU
		{E8E67120-72F0-4FEA-99C1-8AE65BBA052E}.Debug|Any CPU.ActiveCfg = Debug|Any CPU
		{E8E67120-72F0-4FEA-99C1-8AE65BBA052E}.Debug|Any CPU.Build.0 = Debug|Any CPU
		{E8E67120-72F0-4FEA-99C1-8AE65BBA052E}.Debug|iPhone.ActiveCfg = Debug|Any CPU
		{E8E67120-72F0-4FEA-99C1-8AE65BBA052E}.Debug|iPhone.Build.0 = Debug|Any CPU
		{E8E67120-72F0-4FEA-99C1-8AE65BBA052E}.Debug|iPhoneSimulator.ActiveCfg = Debug|Any CPU
		{E8E67120-72F0-4FEA-99C1-8AE65BBA052E}.Debug|iPhoneSimulator.Build.0 = Debug|Any CPU
		{E8E67120-72F0-4FEA-99C1-8AE65BBA052E}.Release|Any CPU.ActiveCfg = Release|Any CPU
		{E8E67120-72F0-4FEA-99C1-8AE65BBA052E}.Release|Any CPU.Build.0 = Release|Any CPU
		{E8E67120-72F0-4FEA-99C1-8AE65BBA052E}.Release|iPhone.ActiveCfg = Release|Any CPU
		{E8E67120-72F0-4FEA-99C1-8AE65BBA052E}.Release|iPhone.Build.0 = Release|Any CPU
		{E8E67120-72F0-4FEA-99C1-8AE65BBA052E}.Release|iPhoneSimulator.ActiveCfg = Release|Any CPU
		{E8E67120-72F0-4FEA-99C1-8AE65BBA052E}.Release|iPhoneSimulator.Build.0 = Release|Any CPU
		{4B0125B5-57C5-4A0F-926A-FAB1F34B151E}.Debug|Any CPU.ActiveCfg = Debug|Any CPU
		{4B0125B5-57C5-4A0F-926A-FAB1F34B151E}.Debug|Any CPU.Build.0 = Debug|Any CPU
		{4B0125B5-57C5-4A0F-926A-FAB1F34B151E}.Debug|Any CPU.Deploy.0 = Debug|Any CPU
		{4B0125B5-57C5-4A0F-926A-FAB1F34B151E}.Debug|iPhone.ActiveCfg = Debug|Any CPU
		{4B0125B5-57C5-4A0F-926A-FAB1F34B151E}.Debug|iPhone.Build.0 = Debug|Any CPU
		{4B0125B5-57C5-4A0F-926A-FAB1F34B151E}.Debug|iPhone.Deploy.0 = Debug|Any CPU
		{4B0125B5-57C5-4A0F-926A-FAB1F34B151E}.Debug|iPhoneSimulator.ActiveCfg = Debug|Any CPU
		{4B0125B5-57C5-4A0F-926A-FAB1F34B151E}.Debug|iPhoneSimulator.Build.0 = Debug|Any CPU
		{4B0125B5-57C5-4A0F-926A-FAB1F34B151E}.Debug|iPhoneSimulator.Deploy.0 = Debug|Any CPU
		{4B0125B5-57C5-4A0F-926A-FAB1F34B151E}.Release|Any CPU.ActiveCfg = Release|Any CPU
		{4B0125B5-57C5-4A0F-926A-FAB1F34B151E}.Release|Any CPU.Build.0 = Release|Any CPU
		{4B0125B5-57C5-4A0F-926A-FAB1F34B151E}.Release|Any CPU.Deploy.0 = Release|Any CPU
		{4B0125B5-57C5-4A0F-926A-FAB1F34B151E}.Release|iPhone.ActiveCfg = Release|Any CPU
		{4B0125B5-57C5-4A0F-926A-FAB1F34B151E}.Release|iPhone.Build.0 = Release|Any CPU
		{4B0125B5-57C5-4A0F-926A-FAB1F34B151E}.Release|iPhone.Deploy.0 = Release|Any CPU
		{4B0125B5-57C5-4A0F-926A-FAB1F34B151E}.Release|iPhoneSimulator.ActiveCfg = Release|Any CPU
		{4B0125B5-57C5-4A0F-926A-FAB1F34B151E}.Release|iPhoneSimulator.Build.0 = Release|Any CPU
		{4B0125B5-57C5-4A0F-926A-FAB1F34B151E}.Release|iPhoneSimulator.Deploy.0 = Release|Any CPU
		{FF8583D0-C87F-4FFE-A391-A801F0E3D500}.Debug|Any CPU.ActiveCfg = Debug|Any CPU
		{FF8583D0-C87F-4FFE-A391-A801F0E3D500}.Debug|Any CPU.Build.0 = Debug|Any CPU
		{FF8583D0-C87F-4FFE-A391-A801F0E3D500}.Debug|iPhone.ActiveCfg = Debug|Any CPU
		{FF8583D0-C87F-4FFE-A391-A801F0E3D500}.Debug|iPhone.Build.0 = Debug|Any CPU
		{FF8583D0-C87F-4FFE-A391-A801F0E3D500}.Debug|iPhoneSimulator.ActiveCfg = Debug|Any CPU
		{FF8583D0-C87F-4FFE-A391-A801F0E3D500}.Debug|iPhoneSimulator.Build.0 = Debug|Any CPU
		{FF8583D0-C87F-4FFE-A391-A801F0E3D500}.Release|Any CPU.ActiveCfg = Release|Any CPU
		{FF8583D0-C87F-4FFE-A391-A801F0E3D500}.Release|Any CPU.Build.0 = Release|Any CPU
		{FF8583D0-C87F-4FFE-A391-A801F0E3D500}.Release|iPhone.ActiveCfg = Release|Any CPU
		{FF8583D0-C87F-4FFE-A391-A801F0E3D500}.Release|iPhone.Build.0 = Release|Any CPU
		{FF8583D0-C87F-4FFE-A391-A801F0E3D500}.Release|iPhoneSimulator.ActiveCfg = Release|Any CPU
		{FF8583D0-C87F-4FFE-A391-A801F0E3D500}.Release|iPhoneSimulator.Build.0 = Release|Any CPU
		{01335DB4-6F63-4FDA-8A78-06EBF91E3CD3}.Debug|Any CPU.ActiveCfg = Debug|Any CPU
		{01335DB4-6F63-4FDA-8A78-06EBF91E3CD3}.Debug|Any CPU.Build.0 = Debug|Any CPU
		{01335DB4-6F63-4FDA-8A78-06EBF91E3CD3}.Debug|Any CPU.Deploy.0 = Debug|Any CPU
		{01335DB4-6F63-4FDA-8A78-06EBF91E3CD3}.Debug|iPhone.ActiveCfg = Debug|Any CPU
		{01335DB4-6F63-4FDA-8A78-06EBF91E3CD3}.Debug|iPhone.Build.0 = Debug|Any CPU
		{01335DB4-6F63-4FDA-8A78-06EBF91E3CD3}.Debug|iPhone.Deploy.0 = Debug|Any CPU
		{01335DB4-6F63-4FDA-8A78-06EBF91E3CD3}.Debug|iPhoneSimulator.ActiveCfg = Debug|Any CPU
		{01335DB4-6F63-4FDA-8A78-06EBF91E3CD3}.Debug|iPhoneSimulator.Build.0 = Debug|Any CPU
		{01335DB4-6F63-4FDA-8A78-06EBF91E3CD3}.Debug|iPhoneSimulator.Deploy.0 = Debug|Any CPU
		{01335DB4-6F63-4FDA-8A78-06EBF91E3CD3}.Release|Any CPU.ActiveCfg = Release|Any CPU
		{01335DB4-6F63-4FDA-8A78-06EBF91E3CD3}.Release|Any CPU.Build.0 = Release|Any CPU
		{01335DB4-6F63-4FDA-8A78-06EBF91E3CD3}.Release|Any CPU.Deploy.0 = Release|Any CPU
		{01335DB4-6F63-4FDA-8A78-06EBF91E3CD3}.Release|iPhone.ActiveCfg = Release|Any CPU
		{01335DB4-6F63-4FDA-8A78-06EBF91E3CD3}.Release|iPhone.Build.0 = Release|Any CPU
		{01335DB4-6F63-4FDA-8A78-06EBF91E3CD3}.Release|iPhone.Deploy.0 = Release|Any CPU
		{01335DB4-6F63-4FDA-8A78-06EBF91E3CD3}.Release|iPhoneSimulator.ActiveCfg = Release|Any CPU
		{01335DB4-6F63-4FDA-8A78-06EBF91E3CD3}.Release|iPhoneSimulator.Build.0 = Release|Any CPU
		{01335DB4-6F63-4FDA-8A78-06EBF91E3CD3}.Release|iPhoneSimulator.Deploy.0 = Release|Any CPU
		{BA033657-6018-498C-A46B-F5565A648D6A}.Debug|Any CPU.ActiveCfg = Debug|Any CPU
		{BA033657-6018-498C-A46B-F5565A648D6A}.Debug|Any CPU.Build.0 = Debug|Any CPU
		{BA033657-6018-498C-A46B-F5565A648D6A}.Debug|iPhone.ActiveCfg = Debug|Any CPU
		{BA033657-6018-498C-A46B-F5565A648D6A}.Debug|iPhone.Build.0 = Debug|Any CPU
		{BA033657-6018-498C-A46B-F5565A648D6A}.Debug|iPhoneSimulator.ActiveCfg = Debug|Any CPU
		{BA033657-6018-498C-A46B-F5565A648D6A}.Debug|iPhoneSimulator.Build.0 = Debug|Any CPU
		{BA033657-6018-498C-A46B-F5565A648D6A}.Release|Any CPU.ActiveCfg = Release|Any CPU
		{BA033657-6018-498C-A46B-F5565A648D6A}.Release|Any CPU.Build.0 = Release|Any CPU
		{BA033657-6018-498C-A46B-F5565A648D6A}.Release|iPhone.ActiveCfg = Release|Any CPU
		{BA033657-6018-498C-A46B-F5565A648D6A}.Release|iPhone.Build.0 = Release|Any CPU
		{BA033657-6018-498C-A46B-F5565A648D6A}.Release|iPhoneSimulator.ActiveCfg = Release|Any CPU
		{BA033657-6018-498C-A46B-F5565A648D6A}.Release|iPhoneSimulator.Build.0 = Release|Any CPU
		{2F0C5188-ABC4-4B6B-9F5D-29DC647C61B9}.Debug|Any CPU.ActiveCfg = Debug|Any CPU
		{2F0C5188-ABC4-4B6B-9F5D-29DC647C61B9}.Debug|Any CPU.Build.0 = Debug|Any CPU
		{2F0C5188-ABC4-4B6B-9F5D-29DC647C61B9}.Debug|iPhone.ActiveCfg = Debug|Any CPU
		{2F0C5188-ABC4-4B6B-9F5D-29DC647C61B9}.Debug|iPhone.Build.0 = Debug|Any CPU
		{2F0C5188-ABC4-4B6B-9F5D-29DC647C61B9}.Debug|iPhoneSimulator.ActiveCfg = Debug|Any CPU
		{2F0C5188-ABC4-4B6B-9F5D-29DC647C61B9}.Debug|iPhoneSimulator.Build.0 = Debug|Any CPU
		{2F0C5188-ABC4-4B6B-9F5D-29DC647C61B9}.Release|Any CPU.ActiveCfg = Release|Any CPU
		{2F0C5188-ABC4-4B6B-9F5D-29DC647C61B9}.Release|Any CPU.Build.0 = Release|Any CPU
		{2F0C5188-ABC4-4B6B-9F5D-29DC647C61B9}.Release|iPhone.ActiveCfg = Release|Any CPU
		{2F0C5188-ABC4-4B6B-9F5D-29DC647C61B9}.Release|iPhone.Build.0 = Release|Any CPU
		{2F0C5188-ABC4-4B6B-9F5D-29DC647C61B9}.Release|iPhoneSimulator.ActiveCfg = Release|Any CPU
		{2F0C5188-ABC4-4B6B-9F5D-29DC647C61B9}.Release|iPhoneSimulator.Build.0 = Release|Any CPU
		{CA21F3DE-BFF1-4038-B1BF-099879531D5A}.Debug|Any CPU.ActiveCfg = Debug|Any CPU
		{CA21F3DE-BFF1-4038-B1BF-099879531D5A}.Debug|Any CPU.Build.0 = Debug|Any CPU
		{CA21F3DE-BFF1-4038-B1BF-099879531D5A}.Debug|Any CPU.Deploy.0 = Debug|Any CPU
		{CA21F3DE-BFF1-4038-B1BF-099879531D5A}.Debug|iPhone.ActiveCfg = Debug|Any CPU
		{CA21F3DE-BFF1-4038-B1BF-099879531D5A}.Debug|iPhone.Build.0 = Debug|Any CPU
		{CA21F3DE-BFF1-4038-B1BF-099879531D5A}.Debug|iPhone.Deploy.0 = Debug|Any CPU
		{CA21F3DE-BFF1-4038-B1BF-099879531D5A}.Debug|iPhoneSimulator.ActiveCfg = Debug|Any CPU
		{CA21F3DE-BFF1-4038-B1BF-099879531D5A}.Debug|iPhoneSimulator.Build.0 = Debug|Any CPU
		{CA21F3DE-BFF1-4038-B1BF-099879531D5A}.Debug|iPhoneSimulator.Deploy.0 = Debug|Any CPU
		{CA21F3DE-BFF1-4038-B1BF-099879531D5A}.Release|Any CPU.ActiveCfg = Release|Any CPU
		{CA21F3DE-BFF1-4038-B1BF-099879531D5A}.Release|Any CPU.Build.0 = Release|Any CPU
		{CA21F3DE-BFF1-4038-B1BF-099879531D5A}.Release|Any CPU.Deploy.0 = Release|Any CPU
		{CA21F3DE-BFF1-4038-B1BF-099879531D5A}.Release|iPhone.ActiveCfg = Release|Any CPU
		{CA21F3DE-BFF1-4038-B1BF-099879531D5A}.Release|iPhone.Build.0 = Release|Any CPU
		{CA21F3DE-BFF1-4038-B1BF-099879531D5A}.Release|iPhone.Deploy.0 = Release|Any CPU
		{CA21F3DE-BFF1-4038-B1BF-099879531D5A}.Release|iPhoneSimulator.ActiveCfg = Release|Any CPU
		{CA21F3DE-BFF1-4038-B1BF-099879531D5A}.Release|iPhoneSimulator.Build.0 = Release|Any CPU
		{CA21F3DE-BFF1-4038-B1BF-099879531D5A}.Release|iPhoneSimulator.Deploy.0 = Release|Any CPU
		{6AD6FA90-A5D1-4BE6-BC2F-3A08D0962F15}.Debug|Any CPU.ActiveCfg = Debug|Any CPU
		{6AD6FA90-A5D1-4BE6-BC2F-3A08D0962F15}.Debug|Any CPU.Build.0 = Debug|Any CPU
		{6AD6FA90-A5D1-4BE6-BC2F-3A08D0962F15}.Debug|iPhone.ActiveCfg = Debug|Any CPU
		{6AD6FA90-A5D1-4BE6-BC2F-3A08D0962F15}.Debug|iPhone.Build.0 = Debug|Any CPU
		{6AD6FA90-A5D1-4BE6-BC2F-3A08D0962F15}.Debug|iPhoneSimulator.ActiveCfg = Debug|Any CPU
		{6AD6FA90-A5D1-4BE6-BC2F-3A08D0962F15}.Debug|iPhoneSimulator.Build.0 = Debug|Any CPU
		{6AD6FA90-A5D1-4BE6-BC2F-3A08D0962F15}.Release|Any CPU.ActiveCfg = Release|Any CPU
		{6AD6FA90-A5D1-4BE6-BC2F-3A08D0962F15}.Release|Any CPU.Build.0 = Release|Any CPU
		{6AD6FA90-A5D1-4BE6-BC2F-3A08D0962F15}.Release|iPhone.ActiveCfg = Release|Any CPU
		{6AD6FA90-A5D1-4BE6-BC2F-3A08D0962F15}.Release|iPhone.Build.0 = Release|Any CPU
		{6AD6FA90-A5D1-4BE6-BC2F-3A08D0962F15}.Release|iPhoneSimulator.ActiveCfg = Release|Any CPU
		{6AD6FA90-A5D1-4BE6-BC2F-3A08D0962F15}.Release|iPhoneSimulator.Build.0 = Release|Any CPU
		{5ABA3CD0-1D99-432C-82A7-322BE0F64713}.Debug|Any CPU.ActiveCfg = Debug|Any CPU
		{5ABA3CD0-1D99-432C-82A7-322BE0F64713}.Debug|Any CPU.Build.0 = Debug|Any CPU
		{5ABA3CD0-1D99-432C-82A7-322BE0F64713}.Debug|Any CPU.Deploy.0 = Debug|Any CPU
		{5ABA3CD0-1D99-432C-82A7-322BE0F64713}.Debug|iPhone.ActiveCfg = Debug|Any CPU
		{5ABA3CD0-1D99-432C-82A7-322BE0F64713}.Debug|iPhone.Build.0 = Debug|Any CPU
		{5ABA3CD0-1D99-432C-82A7-322BE0F64713}.Debug|iPhone.Deploy.0 = Debug|Any CPU
		{5ABA3CD0-1D99-432C-82A7-322BE0F64713}.Debug|iPhoneSimulator.ActiveCfg = Debug|Any CPU
		{5ABA3CD0-1D99-432C-82A7-322BE0F64713}.Debug|iPhoneSimulator.Build.0 = Debug|Any CPU
		{5ABA3CD0-1D99-432C-82A7-322BE0F64713}.Debug|iPhoneSimulator.Deploy.0 = Debug|Any CPU
		{5ABA3CD0-1D99-432C-82A7-322BE0F64713}.Release|Any CPU.ActiveCfg = Release|Any CPU
		{5ABA3CD0-1D99-432C-82A7-322BE0F64713}.Release|Any CPU.Build.0 = Release|Any CPU
		{5ABA3CD0-1D99-432C-82A7-322BE0F64713}.Release|Any CPU.Deploy.0 = Release|Any CPU
		{5ABA3CD0-1D99-432C-82A7-322BE0F64713}.Release|iPhone.ActiveCfg = Release|Any CPU
		{5ABA3CD0-1D99-432C-82A7-322BE0F64713}.Release|iPhone.Build.0 = Release|Any CPU
		{5ABA3CD0-1D99-432C-82A7-322BE0F64713}.Release|iPhone.Deploy.0 = Release|Any CPU
		{5ABA3CD0-1D99-432C-82A7-322BE0F64713}.Release|iPhoneSimulator.ActiveCfg = Release|Any CPU
		{5ABA3CD0-1D99-432C-82A7-322BE0F64713}.Release|iPhoneSimulator.Build.0 = Release|Any CPU
		{5ABA3CD0-1D99-432C-82A7-322BE0F64713}.Release|iPhoneSimulator.Deploy.0 = Release|Any CPU
		{84FA9822-969E-4A62-BD1D-3F6A9D4294E1}.Debug|Any CPU.ActiveCfg = Debug|Any CPU
		{84FA9822-969E-4A62-BD1D-3F6A9D4294E1}.Debug|Any CPU.Build.0 = Debug|Any CPU
		{84FA9822-969E-4A62-BD1D-3F6A9D4294E1}.Debug|iPhone.ActiveCfg = Debug|Any CPU
		{84FA9822-969E-4A62-BD1D-3F6A9D4294E1}.Debug|iPhone.Build.0 = Debug|Any CPU
		{84FA9822-969E-4A62-BD1D-3F6A9D4294E1}.Debug|iPhoneSimulator.ActiveCfg = Debug|Any CPU
		{84FA9822-969E-4A62-BD1D-3F6A9D4294E1}.Debug|iPhoneSimulator.Build.0 = Debug|Any CPU
		{84FA9822-969E-4A62-BD1D-3F6A9D4294E1}.Release|Any CPU.ActiveCfg = Release|Any CPU
		{84FA9822-969E-4A62-BD1D-3F6A9D4294E1}.Release|Any CPU.Build.0 = Release|Any CPU
		{84FA9822-969E-4A62-BD1D-3F6A9D4294E1}.Release|iPhone.ActiveCfg = Release|Any CPU
		{84FA9822-969E-4A62-BD1D-3F6A9D4294E1}.Release|iPhone.Build.0 = Release|Any CPU
		{84FA9822-969E-4A62-BD1D-3F6A9D4294E1}.Release|iPhoneSimulator.ActiveCfg = Release|Any CPU
		{84FA9822-969E-4A62-BD1D-3F6A9D4294E1}.Release|iPhoneSimulator.Build.0 = Release|Any CPU
		{0639EAC8-C1B8-4313-8A05-3433CF702C18}.Debug|Any CPU.ActiveCfg = Debug|Any CPU
		{0639EAC8-C1B8-4313-8A05-3433CF702C18}.Debug|Any CPU.Build.0 = Debug|Any CPU
		{0639EAC8-C1B8-4313-8A05-3433CF702C18}.Debug|iPhone.ActiveCfg = Debug|Any CPU
		{0639EAC8-C1B8-4313-8A05-3433CF702C18}.Debug|iPhone.Build.0 = Debug|Any CPU
		{0639EAC8-C1B8-4313-8A05-3433CF702C18}.Debug|iPhoneSimulator.ActiveCfg = Debug|Any CPU
		{0639EAC8-C1B8-4313-8A05-3433CF702C18}.Debug|iPhoneSimulator.Build.0 = Debug|Any CPU
		{0639EAC8-C1B8-4313-8A05-3433CF702C18}.Release|Any CPU.ActiveCfg = Release|Any CPU
		{0639EAC8-C1B8-4313-8A05-3433CF702C18}.Release|Any CPU.Build.0 = Release|Any CPU
		{0639EAC8-C1B8-4313-8A05-3433CF702C18}.Release|iPhone.ActiveCfg = Release|Any CPU
		{0639EAC8-C1B8-4313-8A05-3433CF702C18}.Release|iPhone.Build.0 = Release|Any CPU
		{0639EAC8-C1B8-4313-8A05-3433CF702C18}.Release|iPhoneSimulator.ActiveCfg = Release|Any CPU
		{0639EAC8-C1B8-4313-8A05-3433CF702C18}.Release|iPhoneSimulator.Build.0 = Release|Any CPU
		{697A3BAF-421C-4216-B9C5-8002FEF35E61}.Debug|Any CPU.ActiveCfg = Debug|Any CPU
		{697A3BAF-421C-4216-B9C5-8002FEF35E61}.Debug|Any CPU.Build.0 = Debug|Any CPU
		{697A3BAF-421C-4216-B9C5-8002FEF35E61}.Debug|Any CPU.Deploy.0 = Debug|Any CPU
		{697A3BAF-421C-4216-B9C5-8002FEF35E61}.Debug|iPhone.ActiveCfg = Debug|Any CPU
		{697A3BAF-421C-4216-B9C5-8002FEF35E61}.Debug|iPhone.Build.0 = Debug|Any CPU
		{697A3BAF-421C-4216-B9C5-8002FEF35E61}.Debug|iPhone.Deploy.0 = Debug|Any CPU
		{697A3BAF-421C-4216-B9C5-8002FEF35E61}.Debug|iPhoneSimulator.ActiveCfg = Debug|Any CPU
		{697A3BAF-421C-4216-B9C5-8002FEF35E61}.Debug|iPhoneSimulator.Build.0 = Debug|Any CPU
		{697A3BAF-421C-4216-B9C5-8002FEF35E61}.Debug|iPhoneSimulator.Deploy.0 = Debug|Any CPU
		{697A3BAF-421C-4216-B9C5-8002FEF35E61}.Release|Any CPU.ActiveCfg = Release|Any CPU
		{697A3BAF-421C-4216-B9C5-8002FEF35E61}.Release|Any CPU.Build.0 = Release|Any CPU
		{697A3BAF-421C-4216-B9C5-8002FEF35E61}.Release|Any CPU.Deploy.0 = Release|Any CPU
		{697A3BAF-421C-4216-B9C5-8002FEF35E61}.Release|iPhone.ActiveCfg = Release|Any CPU
		{697A3BAF-421C-4216-B9C5-8002FEF35E61}.Release|iPhone.Build.0 = Release|Any CPU
		{697A3BAF-421C-4216-B9C5-8002FEF35E61}.Release|iPhone.Deploy.0 = Release|Any CPU
		{697A3BAF-421C-4216-B9C5-8002FEF35E61}.Release|iPhoneSimulator.ActiveCfg = Release|Any CPU
		{697A3BAF-421C-4216-B9C5-8002FEF35E61}.Release|iPhoneSimulator.Build.0 = Release|Any CPU
		{697A3BAF-421C-4216-B9C5-8002FEF35E61}.Release|iPhoneSimulator.Deploy.0 = Release|Any CPU
		{22EF4F43-306A-4A92-A68C-38040EED0FF1}.Debug|Any CPU.ActiveCfg = Debug|Any CPU
		{22EF4F43-306A-4A92-A68C-38040EED0FF1}.Debug|Any CPU.Build.0 = Debug|Any CPU
		{22EF4F43-306A-4A92-A68C-38040EED0FF1}.Debug|iPhone.ActiveCfg = Debug|Any CPU
		{22EF4F43-306A-4A92-A68C-38040EED0FF1}.Debug|iPhone.Build.0 = Debug|Any CPU
		{22EF4F43-306A-4A92-A68C-38040EED0FF1}.Debug|iPhoneSimulator.ActiveCfg = Debug|Any CPU
		{22EF4F43-306A-4A92-A68C-38040EED0FF1}.Debug|iPhoneSimulator.Build.0 = Debug|Any CPU
		{22EF4F43-306A-4A92-A68C-38040EED0FF1}.Release|Any CPU.ActiveCfg = Release|Any CPU
		{22EF4F43-306A-4A92-A68C-38040EED0FF1}.Release|Any CPU.Build.0 = Release|Any CPU
		{22EF4F43-306A-4A92-A68C-38040EED0FF1}.Release|iPhone.ActiveCfg = Release|Any CPU
		{22EF4F43-306A-4A92-A68C-38040EED0FF1}.Release|iPhone.Build.0 = Release|Any CPU
		{22EF4F43-306A-4A92-A68C-38040EED0FF1}.Release|iPhoneSimulator.ActiveCfg = Release|Any CPU
		{22EF4F43-306A-4A92-A68C-38040EED0FF1}.Release|iPhoneSimulator.Build.0 = Release|Any CPU
		{586FEBD5-6F79-4268-BEA8-A5B059CE8D00}.Debug|Any CPU.ActiveCfg = Debug|Any CPU
		{586FEBD5-6F79-4268-BEA8-A5B059CE8D00}.Debug|Any CPU.Build.0 = Debug|Any CPU
		{586FEBD5-6F79-4268-BEA8-A5B059CE8D00}.Debug|Any CPU.Deploy.0 = Debug|Any CPU
		{586FEBD5-6F79-4268-BEA8-A5B059CE8D00}.Debug|iPhone.ActiveCfg = Debug|Any CPU
		{586FEBD5-6F79-4268-BEA8-A5B059CE8D00}.Debug|iPhone.Build.0 = Debug|Any CPU
		{586FEBD5-6F79-4268-BEA8-A5B059CE8D00}.Debug|iPhone.Deploy.0 = Debug|Any CPU
		{586FEBD5-6F79-4268-BEA8-A5B059CE8D00}.Debug|iPhoneSimulator.ActiveCfg = Debug|Any CPU
		{586FEBD5-6F79-4268-BEA8-A5B059CE8D00}.Debug|iPhoneSimulator.Build.0 = Debug|Any CPU
		{586FEBD5-6F79-4268-BEA8-A5B059CE8D00}.Debug|iPhoneSimulator.Deploy.0 = Debug|Any CPU
		{586FEBD5-6F79-4268-BEA8-A5B059CE8D00}.Release|Any CPU.ActiveCfg = Release|Any CPU
		{586FEBD5-6F79-4268-BEA8-A5B059CE8D00}.Release|Any CPU.Build.0 = Release|Any CPU
		{586FEBD5-6F79-4268-BEA8-A5B059CE8D00}.Release|Any CPU.Deploy.0 = Release|Any CPU
		{586FEBD5-6F79-4268-BEA8-A5B059CE8D00}.Release|iPhone.ActiveCfg = Release|Any CPU
		{586FEBD5-6F79-4268-BEA8-A5B059CE8D00}.Release|iPhone.Build.0 = Release|Any CPU
		{586FEBD5-6F79-4268-BEA8-A5B059CE8D00}.Release|iPhone.Deploy.0 = Release|Any CPU
		{586FEBD5-6F79-4268-BEA8-A5B059CE8D00}.Release|iPhoneSimulator.ActiveCfg = Release|Any CPU
		{586FEBD5-6F79-4268-BEA8-A5B059CE8D00}.Release|iPhoneSimulator.Build.0 = Release|Any CPU
		{586FEBD5-6F79-4268-BEA8-A5B059CE8D00}.Release|iPhoneSimulator.Deploy.0 = Release|Any CPU
		{0E02BCD4-747D-4CA8-A3D3-2392DF89E4AF}.Debug|Any CPU.ActiveCfg = Debug|Any CPU
		{0E02BCD4-747D-4CA8-A3D3-2392DF89E4AF}.Debug|Any CPU.Build.0 = Debug|Any CPU
		{0E02BCD4-747D-4CA8-A3D3-2392DF89E4AF}.Debug|iPhone.ActiveCfg = Debug|Any CPU
		{0E02BCD4-747D-4CA8-A3D3-2392DF89E4AF}.Debug|iPhone.Build.0 = Debug|Any CPU
		{0E02BCD4-747D-4CA8-A3D3-2392DF89E4AF}.Debug|iPhoneSimulator.ActiveCfg = Debug|Any CPU
		{0E02BCD4-747D-4CA8-A3D3-2392DF89E4AF}.Debug|iPhoneSimulator.Build.0 = Debug|Any CPU
		{0E02BCD4-747D-4CA8-A3D3-2392DF89E4AF}.Release|Any CPU.ActiveCfg = Release|Any CPU
		{0E02BCD4-747D-4CA8-A3D3-2392DF89E4AF}.Release|Any CPU.Build.0 = Release|Any CPU
		{0E02BCD4-747D-4CA8-A3D3-2392DF89E4AF}.Release|iPhone.ActiveCfg = Release|Any CPU
		{0E02BCD4-747D-4CA8-A3D3-2392DF89E4AF}.Release|iPhone.Build.0 = Release|Any CPU
		{0E02BCD4-747D-4CA8-A3D3-2392DF89E4AF}.Release|iPhoneSimulator.ActiveCfg = Release|Any CPU
		{0E02BCD4-747D-4CA8-A3D3-2392DF89E4AF}.Release|iPhoneSimulator.Build.0 = Release|Any CPU
		{5FDFB1F8-A958-457C-933B-DB545A35DE8D}.Debug|Any CPU.ActiveCfg = Debug|Any CPU
		{5FDFB1F8-A958-457C-933B-DB545A35DE8D}.Debug|Any CPU.Build.0 = Debug|Any CPU
		{5FDFB1F8-A958-457C-933B-DB545A35DE8D}.Debug|iPhone.ActiveCfg = Debug|Any CPU
		{5FDFB1F8-A958-457C-933B-DB545A35DE8D}.Debug|iPhone.Build.0 = Debug|Any CPU
		{5FDFB1F8-A958-457C-933B-DB545A35DE8D}.Debug|iPhoneSimulator.ActiveCfg = Debug|Any CPU
		{5FDFB1F8-A958-457C-933B-DB545A35DE8D}.Debug|iPhoneSimulator.Build.0 = Debug|Any CPU
		{5FDFB1F8-A958-457C-933B-DB545A35DE8D}.Release|Any CPU.ActiveCfg = Release|Any CPU
		{5FDFB1F8-A958-457C-933B-DB545A35DE8D}.Release|Any CPU.Build.0 = Release|Any CPU
		{5FDFB1F8-A958-457C-933B-DB545A35DE8D}.Release|iPhone.ActiveCfg = Release|Any CPU
		{5FDFB1F8-A958-457C-933B-DB545A35DE8D}.Release|iPhone.Build.0 = Release|Any CPU
		{5FDFB1F8-A958-457C-933B-DB545A35DE8D}.Release|iPhoneSimulator.ActiveCfg = Release|Any CPU
		{5FDFB1F8-A958-457C-933B-DB545A35DE8D}.Release|iPhoneSimulator.Build.0 = Release|Any CPU
	EndGlobalSection
	GlobalSection(SolutionProperties) = preSolution
		HideSolutionNode = FALSE
	EndGlobalSection
	GlobalSection(NestedProjects) = preSolution
		{15F1BC27-7386-43C9-A9FE-C67FE1DB50DD} = {D7AD4DD9-FB68-47B1-A65E-164D9661A3D1}
		{07DAB172-3F53-4862-A9B2-8A13DF84CC2F} = {D5B9421C-4B72-4EB8-989D-73CF4EACA4B0}
		{F40CE390-C9D3-4636-8781-2764F82E98A9} = {D5B9421C-4B72-4EB8-989D-73CF4EACA4B0}
		{4CF0D87F-B6A6-44B0-A8A2-EB7C956C9F47} = {632A0FB2-61F1-4FF7-8986-0FA30144AC87}
		{995E7327-FBD9-48B3-9F8D-C6FBCD0CC7E3} = {D5B9421C-4B72-4EB8-989D-73CF4EACA4B0}
		{6B8F43A9-9772-490D-A7BD-483D0DF6D05F} = {48574ED2-6671-4B8C-AA90-3DA5FF968DA1}
		{28D334EC-B04B-4DC2-B812-E011FB45E76E} = {CC04B5DD-9CB4-4A0D-86E5-FA295AFB1944}
		{20DBFC10-10BF-4C1D-AA54-5C5BA3C175E5} = {D7AD4DD9-FB68-47B1-A65E-164D9661A3D1}
		{DA8B76DA-91A7-4F51-85B9-941511CDD69F} = {D5B9421C-4B72-4EB8-989D-73CF4EACA4B0}
		{D5B9421C-4B72-4EB8-989D-73CF4EACA4B0} = {48574ED2-6671-4B8C-AA90-3DA5FF968DA1}
		{B72202BC-9F6A-4066-954C-FC26719321B4} = {D7AD4DD9-FB68-47B1-A65E-164D9661A3D1}
		{C18CE5F5-811D-43D8-97A3-6ED3C248BDE1} = {B72202BC-9F6A-4066-954C-FC26719321B4}
		{AF5C89AA-C435-4155-8083-49ABB77F9538} = {B72202BC-9F6A-4066-954C-FC26719321B4}
		{136B7B28-2063-4C1B-A065-BD495133A3C0} = {632A0FB2-61F1-4FF7-8986-0FA30144AC87}
		{515E3641-B812-4CCD-804E-F4D803964788} = {632A0FB2-61F1-4FF7-8986-0FA30144AC87}
		{AE1DD507-3E7E-4220-9BB4-703D7798BBFC} = {632A0FB2-61F1-4FF7-8986-0FA30144AC87}
		{BBED3765-513C-4D0B-9812-6AC0E970DB3F} = {D5B9421C-4B72-4EB8-989D-73CF4EACA4B0}
		{03F725F6-A15C-43BA-8492-B5AA89B97B2E} = {B72202BC-9F6A-4066-954C-FC26719321B4}
		{99F0B8CA-21AC-4369-857B-58F063603E6E} = {D7AD4DD9-FB68-47B1-A65E-164D9661A3D1}
		{20E37C5F-CCB0-4BA1-A762-91933EBD5DDB} = {B1BFAF3C-0C0F-4E4F-A7B8-BCC5790FD7C6}
		{76C0D1AF-4754-46BB-AAB9-A7E2D9F134D0} = {CC04B5DD-9CB4-4A0D-86E5-FA295AFB1944}
		{AC88CD37-448B-4D8D-9C99-26280D77B170} = {B72202BC-9F6A-4066-954C-FC26719321B4}
		{3CC402A9-FF6C-4780-90FE-B544442D8348} = {B72202BC-9F6A-4066-954C-FC26719321B4}
		{809D0447-CAD0-485C-A1BA-F8974C7AE6F6} = {D7AD4DD9-FB68-47B1-A65E-164D9661A3D1}
		{CC44674F-5032-48DA-A025-97BE243BE00A} = {D7AD4DD9-FB68-47B1-A65E-164D9661A3D1}
		{A2E25AB7-538D-4066-BD27-3981522297B4} = {632A0FB2-61F1-4FF7-8986-0FA30144AC87}
		{D8D1BE79-7505-4EFE-BEA8-D9A6F940A8B0} = {632A0FB2-61F1-4FF7-8986-0FA30144AC87}
		{9CE682FD-C98B-4EE3-BFCC-DD337420A310} = {20E37C5F-CCB0-4BA1-A762-91933EBD5DDB}
		{8997FFFD-912D-4590-B079-DB040A338664} = {20E37C5F-CCB0-4BA1-A762-91933EBD5DDB}
		{E825C903-1EA3-4295-B6FB-2AE56ECF85DB} = {8997FFFD-912D-4590-B079-DB040A338664}
		{051A46A0-4D74-4988-AEEB-1E566E695A03} = {8997FFFD-912D-4590-B079-DB040A338664}
		{F4911B41-4BFA-4F84-9886-8C8679CCB80D} = {8997FFFD-912D-4590-B079-DB040A338664}
		{F4736B8C-131B-4299-8026-4B6F465B95BC} = {8997FFFD-912D-4590-B079-DB040A338664}
		{701AFB52-E6B6-4AF4-B3FB-43B6C3BD0BC5} = {8997FFFD-912D-4590-B079-DB040A338664}
		{6133B5EA-82A6-4486-8929-20554FAB2CBB} = {9CE682FD-C98B-4EE3-BFCC-DD337420A310}
		{86A762A3-18ED-4CC3-89C9-8E8FEB3E25BA} = {9CE682FD-C98B-4EE3-BFCC-DD337420A310}
		{435E401A-C2C5-49C3-BB20-F6248A4FBA1B} = {9CE682FD-C98B-4EE3-BFCC-DD337420A310}
		{1B22473E-C0A5-4800-892C-2DEE695D9E7B} = {9CE682FD-C98B-4EE3-BFCC-DD337420A310}
		{42E9F652-A4B1-4C7B-9D48-0EDA548C449C} = {9CE682FD-C98B-4EE3-BFCC-DD337420A310}
		{70E7F207-11C8-47D7-AB9F-C95EB33A61FB} = {20E37C5F-CCB0-4BA1-A762-91933EBD5DDB}
		{E8E67120-72F0-4FEA-99C1-8AE65BBA052E} = {70E7F207-11C8-47D7-AB9F-C95EB33A61FB}
		{4B0125B5-57C5-4A0F-926A-FAB1F34B151E} = {70E7F207-11C8-47D7-AB9F-C95EB33A61FB}
		{FF8583D0-C87F-4FFE-A391-A801F0E3D500} = {70E7F207-11C8-47D7-AB9F-C95EB33A61FB}
		{01335DB4-6F63-4FDA-8A78-06EBF91E3CD3} = {70E7F207-11C8-47D7-AB9F-C95EB33A61FB}
		{BA033657-6018-498C-A46B-F5565A648D6A} = {70E7F207-11C8-47D7-AB9F-C95EB33A61FB}
		{2BFBF5E7-FC8D-4343-9C51-2F9F06F73346} = {20E37C5F-CCB0-4BA1-A762-91933EBD5DDB}
		{2F0C5188-ABC4-4B6B-9F5D-29DC647C61B9} = {2BFBF5E7-FC8D-4343-9C51-2F9F06F73346}
		{CA21F3DE-BFF1-4038-B1BF-099879531D5A} = {2BFBF5E7-FC8D-4343-9C51-2F9F06F73346}
		{6AD6FA90-A5D1-4BE6-BC2F-3A08D0962F15} = {2BFBF5E7-FC8D-4343-9C51-2F9F06F73346}
		{5ABA3CD0-1D99-432C-82A7-322BE0F64713} = {2BFBF5E7-FC8D-4343-9C51-2F9F06F73346}
		{84FA9822-969E-4A62-BD1D-3F6A9D4294E1} = {2BFBF5E7-FC8D-4343-9C51-2F9F06F73346}
		{46ADB039-1AF1-4ED1-A0C3-1184402A6435} = {20E37C5F-CCB0-4BA1-A762-91933EBD5DDB}
		{0639EAC8-C1B8-4313-8A05-3433CF702C18} = {46ADB039-1AF1-4ED1-A0C3-1184402A6435}
		{697A3BAF-421C-4216-B9C5-8002FEF35E61} = {46ADB039-1AF1-4ED1-A0C3-1184402A6435}
		{22EF4F43-306A-4A92-A68C-38040EED0FF1} = {46ADB039-1AF1-4ED1-A0C3-1184402A6435}
		{586FEBD5-6F79-4268-BEA8-A5B059CE8D00} = {46ADB039-1AF1-4ED1-A0C3-1184402A6435}
		{0E02BCD4-747D-4CA8-A3D3-2392DF89E4AF} = {46ADB039-1AF1-4ED1-A0C3-1184402A6435}
		{5FDFB1F8-A958-457C-933B-DB545A35DE8D} = {20E37C5F-CCB0-4BA1-A762-91933EBD5DDB}
	EndGlobalSection
	GlobalSection(ExtensibilityGlobals) = postSolution
		SolutionGuid = {CC1E29A3-F7C6-47D7-8B7E-BC99D6428EBC}
	EndGlobalSection
EndGlobal
